// !$*UTF8*$!
{
	archiveVersion = 1;
	classes = {
	};
	objectVersion = 52;
	objects = {

/* Begin PBXBuildFile section */
		451881067891BAAC4BD8922A /* Pods_monitool.framework in Frameworks */ = {isa = PBXBuildFile; fileRef = F335342D53E4540C34C3D459 /* Pods_monitool.framework */; };
		6F0CC8E426AFCF4700D15B96 /* Task.swift in Sources */ = {isa = PBXBuildFile; fileRef = 6F0CC8E326AFCF4700D15B96 /* Task.swift */; };
		6F0CC8E626AFD86700D15B96 /* TaskRepository.swift in Sources */ = {isa = PBXBuildFile; fileRef = 6F0CC8E526AFD86700D15B96 /* TaskRepository.swift */; };
		6F0CC8E826B137CB00D15B96 /* TaskViewModel.swift in Sources */ = {isa = PBXBuildFile; fileRef = 6F0CC8E726B137CB00D15B96 /* TaskViewModel.swift */; };
		6F137C8A26B2B57F00F79608 /* EmployeeListViewModel.swift in Sources */ = {isa = PBXBuildFile; fileRef = 6F137C8926B2B57F00F79608 /* EmployeeListViewModel.swift */; };
		6F6C13A926B3EB40000BBD26 /* PhotoComponent.swift in Sources */ = {isa = PBXBuildFile; fileRef = 6F6C13A826B3EB40000BBD26 /* PhotoComponent.swift */; };
		6F6C13AB26B3F377000BBD26 /* ImagePicker.swift in Sources */ = {isa = PBXBuildFile; fileRef = 6F6C13AA26B3F377000BBD26 /* ImagePicker.swift */; };
		6F923E6F26CF647A00E77615 /* HistoryDetail.swift in Sources */ = {isa = PBXBuildFile; fileRef = 6F923E6E26CF647A00E77615 /* HistoryDetail.swift */; };
		830B1DF326A8149E00D38AE9 /* MonitoolApp.swift in Sources */ = {isa = PBXBuildFile; fileRef = 830B1DF226A8149E00D38AE9 /* MonitoolApp.swift */; };
		830B1DF526A8149E00D38AE9 /* MainOnboardingView.swift in Sources */ = {isa = PBXBuildFile; fileRef = 830B1DF426A8149E00D38AE9 /* MainOnboardingView.swift */; };
		830B1DFA26A8149F00D38AE9 /* Preview Assets.xcassets in Resources */ = {isa = PBXBuildFile; fileRef = 830B1DF926A8149F00D38AE9 /* Preview Assets.xcassets */; };
		830B1E1826A81A3900D38AE9 /* AuthService.swift in Sources */ = {isa = PBXBuildFile; fileRef = 830B1E1726A81A3900D38AE9 /* AuthService.swift */; };
		830C502E26D78C5B00BEFA89 /* ProofOfWork.swift in Sources */ = {isa = PBXBuildFile; fileRef = 830C502D26D78C5B00BEFA89 /* ProofOfWork.swift */; };
		830C503026D78C9000BEFA89 /* SectionHeader.swift in Sources */ = {isa = PBXBuildFile; fileRef = 830C502F26D78C9000BEFA89 /* SectionHeader.swift */; };
		8322357D26C44A2800E74ABF /* TaskListTabItem.swift in Sources */ = {isa = PBXBuildFile; fileRef = 8322357C26C44A2800E74ABF /* TaskListTabItem.swift */; };
		833CCA9D26B67DCC00BA67CA /* AppColor.swift in Sources */ = {isa = PBXBuildFile; fileRef = 833CCA9C26B67DCC00BA67CA /* AppColor.swift */; };
		833CCA9F26B6824300BA67CA /* HistoryView.swift in Sources */ = {isa = PBXBuildFile; fileRef = 833CCA9E26B6824300BA67CA /* HistoryView.swift */; };
		833CCAA126B683C400BA67CA /* RoleService.swift in Sources */ = {isa = PBXBuildFile; fileRef = 833CCAA026B683C400BA67CA /* RoleService.swift */; };
		8348BCE426BE4DEC000777EA /* TaskDetailViewModel.swift in Sources */ = {isa = PBXBuildFile; fileRef = 8348BCE326BE4DEC000777EA /* TaskDetailViewModel.swift */; };
		834C9E1126B6D88F0013335F /* AppIcon.swift in Sources */ = {isa = PBXBuildFile; fileRef = 834C9E1026B6D88F0013335F /* AppIcon.swift */; };
		834FBB3A26C1743700ABAACF /* EmployeeReviewViewModel.swift in Sources */ = {isa = PBXBuildFile; fileRef = 834FBB3926C1743700ABAACF /* EmployeeReviewViewModel.swift */; };
		8352931326CA6A8A009F0F92 /* DateHelper.swift in Sources */ = {isa = PBXBuildFile; fileRef = 8352931226CA6A8A009F0F92 /* DateHelper.swift */; };
		8352931526CA6C49009F0F92 /* HistoryRow.swift in Sources */ = {isa = PBXBuildFile; fileRef = 8352931426CA6C49009F0F92 /* HistoryRow.swift */; };
		835E357E26B15FC300DE542C /* EmployeeRepository.swift in Sources */ = {isa = PBXBuildFile; fileRef = 835E357D26B15FC300DE542C /* EmployeeRepository.swift */; };
		835F9ACC26CF993B00B9F52C /* ReviewStatus.swift in Sources */ = {isa = PBXBuildFile; fileRef = 835F9ACB26CF993B00B9F52C /* ReviewStatus.swift */; };
		838B23F926BE943D004979A4 /* PrimaryButtonStyle.swift in Sources */ = {isa = PBXBuildFile; fileRef = 838B23F826BE943D004979A4 /* PrimaryButtonStyle.swift */; };
		838B23FB26BE97A5004979A4 /* TodayListViewModel.swift in Sources */ = {isa = PBXBuildFile; fileRef = 838B23FA26BE97A5004979A4 /* TodayListViewModel.swift */; };
		838B23FD26BE9B76004979A4 /* RoundedEdge.swift in Sources */ = {isa = PBXBuildFile; fileRef = 838B23FC26BE9B76004979A4 /* RoundedEdge.swift */; };
		839C025E26C15C3700F69773 /* Images.xcassets in Resources */ = {isa = PBXBuildFile; fileRef = 839C025D26C15C3700F69773 /* Images.xcassets */; };
		839C026026C15C7900F69773 /* Colors.xcassets in Resources */ = {isa = PBXBuildFile; fileRef = 839C025F26C15C7900F69773 /* Colors.xcassets */; };
		839C026226C15CA500F69773 /* Misc.xcassets in Resources */ = {isa = PBXBuildFile; fileRef = 839C026126C15CA500F69773 /* Misc.xcassets */; };
		83A023E626B3F0DC002D24CC /* TaskListView.swift in Sources */ = {isa = PBXBuildFile; fileRef = 83A023E526B3F0DC002D24CC /* TaskListView.swift */; };
		83A023EC26B402A0002D24CC /* MainView.swift in Sources */ = {isa = PBXBuildFile; fileRef = 83A023EB26B402A0002D24CC /* MainView.swift */; };
		83A023F026B404EE002D24CC /* ProfileTabItem.swift in Sources */ = {isa = PBXBuildFile; fileRef = 83A023EF26B404EE002D24CC /* ProfileTabItem.swift */; };
		83A023F726B40910002D24CC /* SidebarView.swift in Sources */ = {isa = PBXBuildFile; fileRef = 83A023F626B40910002D24CC /* SidebarView.swift */; };
		83A023F926B40B42002D24CC /* TabItemRow.swift in Sources */ = {isa = PBXBuildFile; fileRef = 83A023F826B40B42002D24CC /* TabItemRow.swift */; };
		83A06C8B26C58B740098863F /* TaskManagerView.swift in Sources */ = {isa = PBXBuildFile; fileRef = 83A06C8A26C58B740098863F /* TaskManagerView.swift */; };
		83A06C8D26C58DFD0098863F /* TaskManagerDetailView.swift in Sources */ = {isa = PBXBuildFile; fileRef = 83A06C8C26C58DFD0098863F /* TaskManagerDetailView.swift */; };
		83A3EB5726CCE4F2005E410D /* PhoneLayout.swift in Sources */ = {isa = PBXBuildFile; fileRef = 83A3EB5526CCE4F2005E410D /* PhoneLayout.swift */; };
		83A3EB5826CCE4F2005E410D /* PadLayout.swift in Sources */ = {isa = PBXBuildFile; fileRef = 83A3EB5626CCE4F2005E410D /* PadLayout.swift */; };
		83A3EB5A26CD0A67005E410D /* TaskHelper.swift in Sources */ = {isa = PBXBuildFile; fileRef = 83A3EB5926CD0A67005E410D /* TaskHelper.swift */; };
		83A48C9326CAD60400BA9980 /* SidebarMenuItem.swift in Sources */ = {isa = PBXBuildFile; fileRef = 83A48C9226CAD60400BA9980 /* SidebarMenuItem.swift */; };
		83A48C9526CAF22A00BA9980 /* SidebarMenuItemView.swift in Sources */ = {isa = PBXBuildFile; fileRef = 83A48C9426CAF22A00BA9980 /* SidebarMenuItemView.swift */; };
		83A7209A26BD4B96007A30D3 /* NavigationBarModifier.swift in Sources */ = {isa = PBXBuildFile; fileRef = 83A7209926BD4B96007A30D3 /* NavigationBarModifier.swift */; };
		83A7209D26BD7E6E007A30D3 /* Color.swift in Sources */ = {isa = PBXBuildFile; fileRef = 83A7209C26BD7E6E007A30D3 /* Color.swift */; };
		83B395CD26CE30A400AE6824 /* PhonePopover.swift in Sources */ = {isa = PBXBuildFile; fileRef = 83B395CC26CE30A400AE6824 /* PhonePopover.swift */; };
		83B664B926BBE30200F64364 /* ProfileViewModel.swift in Sources */ = {isa = PBXBuildFile; fileRef = 83B664B826BBE30200F64364 /* ProfileViewModel.swift */; };
		83B8AD4D26DDE0E900FF819F /* PhotoReference.swift in Sources */ = {isa = PBXBuildFile; fileRef = 83B8AD4C26DDE0E900FF819F /* PhotoReference.swift */; };
		83BCB48126D55C1100265411 /* Carousel.swift in Sources */ = {isa = PBXBuildFile; fileRef = 83BCB48026D55C1100265411 /* Carousel.swift */; };
		83BCB48526D563FC00265411 /* CarouselRepository.swift in Sources */ = {isa = PBXBuildFile; fileRef = 83BCB48426D563FC00265411 /* CarouselRepository.swift */; };
		83E0A9F026D635F3008E9081 /* RightColumn.swift in Sources */ = {isa = PBXBuildFile; fileRef = 83E0A9EF26D635F3008E9081 /* RightColumn.swift */; };
		83E9492426AFC384003903FE /* Employee.swift in Sources */ = {isa = PBXBuildFile; fileRef = 83E9492326AFC384003903FE /* Employee.swift */; };
		83E9492826AFCA9D003903FE /* EmployeeHelper.swift in Sources */ = {isa = PBXBuildFile; fileRef = 83E9492726AFCA9D003903FE /* EmployeeHelper.swift */; };
		83ECAF6526AA115B0069CF25 /* Strings.swift in Sources */ = {isa = PBXBuildFile; fileRef = 83ECAF6126AA115B0069CF25 /* Strings.swift */; };
		83ECAF6626AA115B0069CF25 /* Localizable.strings in Resources */ = {isa = PBXBuildFile; fileRef = 83ECAF6226AA115B0069CF25 /* Localizable.strings */; };
		83EF2A8726B292C500378602 /* SignIn.swift in Sources */ = {isa = PBXBuildFile; fileRef = 83EF2A8626B292C500378602 /* SignIn.swift */; };
		83EF2A8926B298F900378602 /* RepositoriesPath.swift in Sources */ = {isa = PBXBuildFile; fileRef = 83EF2A8826B298F900378602 /* RepositoriesPath.swift */; };
		83EF2A9326B29F1C00378602 /* TodoListTabItem.swift in Sources */ = {isa = PBXBuildFile; fileRef = 83EF2A9226B29F1C00378602 /* TodoListTabItem.swift */; };
		83F9BE3826C4FB3700B957F2 /* EditTaskListView.swift in Sources */ = {isa = PBXBuildFile; fileRef = 83F9BE3726C4FB3700B957F2 /* EditTaskListView.swift */; };
		83FEC45626CD823D00AA65F1 /* Alerts.swift in Sources */ = {isa = PBXBuildFile; fileRef = 83FEC45526CD823D00AA65F1 /* Alerts.swift */; };
		83FEC45926CD82AB00AA65F1 /* AppAlert.swift in Sources */ = {isa = PBXBuildFile; fileRef = 83FEC45826CD82AB00AA65F1 /* AppAlert.swift */; };
		8E039A9326D6B6870012C09E /* TextLimiter.swift in Sources */ = {isa = PBXBuildFile; fileRef = 8E039A9226D6B6870012C09E /* TextLimiter.swift */; };
		8E242C6126DB65D40088F9E7 /* DateLogHelper.swift in Sources */ = {isa = PBXBuildFile; fileRef = 8E242C6026DB65D40088F9E7 /* DateLogHelper.swift */; };
		8E2A614E26B91C9300D82BBE /* AppOnboardingView.swift in Sources */ = {isa = PBXBuildFile; fileRef = 8E2A614D26B91C9300D82BBE /* AppOnboardingView.swift */; };
		8E35AC5926BA8B00007613E9 /* NoSeparatorList.swift in Sources */ = {isa = PBXBuildFile; fileRef = 8E35AC5826BA8B00007613E9 /* NoSeparatorList.swift */; };
		8E47F5FF26B9754B00B96004 /* EmployeeReviewView.swift in Sources */ = {isa = PBXBuildFile; fileRef = 8E47F5FE26B9754B00B96004 /* EmployeeReviewView.swift */; };
		8E7A53BD26B13EC4007FA3A8 /* CompanyRepository.swift in Sources */ = {isa = PBXBuildFile; fileRef = 8E7A53BC26B13EC4007FA3A8 /* CompanyRepository.swift */; };
		8E7A53BF26B13F01007FA3A8 /* Company.swift in Sources */ = {isa = PBXBuildFile; fileRef = 8E7A53BE26B13F01007FA3A8 /* Company.swift */; };
		8E97703626BD7AA100A4F341 /* OwnerReviewView.swift in Sources */ = {isa = PBXBuildFile; fileRef = 8E97703526BD7AA100A4F341 /* OwnerReviewView.swift */; };
		8E97703826BD7DC300A4F341 /* PageControl.swift in Sources */ = {isa = PBXBuildFile; fileRef = 8E97703726BD7DC300A4F341 /* PageControl.swift */; };
		8E97703E26BDAE5C00A4F341 /* HistoryTaskDetailView.swift in Sources */ = {isa = PBXBuildFile; fileRef = 8E97703D26BDAE5C00A4F341 /* HistoryTaskDetailView.swift */; };
		8E97704026BDBAEF00A4F341 /* ReviseView.swift in Sources */ = {isa = PBXBuildFile; fileRef = 8E97703F26BDBAEF00A4F341 /* ReviseView.swift */; };
		8EA5EEDF26BFBEB5009C534F /* OwnerReviewViewBuilder.swift in Sources */ = {isa = PBXBuildFile; fileRef = 8EA5EEDE26BFBEB5009C534F /* OwnerReviewViewBuilder.swift */; };
		8EA5EEE226BFC9B2009C534F /* EmployeeReviewViewBuilder.swift in Sources */ = {isa = PBXBuildFile; fileRef = 8EA5EEE126BFC9B2009C534F /* EmployeeReviewViewBuilder.swift */; };
		8EA5EEE526BFCF07009C534F /* ReviseViewBuilder.swift in Sources */ = {isa = PBXBuildFile; fileRef = 8EA5EEE426BFCF07009C534F /* ReviseViewBuilder.swift */; };
		8EB4FA7F26BE4620009AABAF /* TodayListView.swift in Sources */ = {isa = PBXBuildFile; fileRef = 8EB4FA7E26BE4620009AABAF /* TodayListView.swift */; };
		8EC03EA826C680ED001245E5 /* ProfileView.swift in Sources */ = {isa = PBXBuildFile; fileRef = 8EC03EA726C680ED001245E5 /* ProfileView.swift */; };
		8EC03EAB26C6CD94001245E5 /* IphoneReviseView.swift in Sources */ = {isa = PBXBuildFile; fileRef = 8EC03EAA26C6CD94001245E5 /* IphoneReviseView.swift */; };
		8EC984E526C2F5F2000961E1 /* IphoneTodayListView.swift in Sources */ = {isa = PBXBuildFile; fileRef = 8EC984E426C2F5F2000961E1 /* IphoneTodayListView.swift */; };
		8EC984E826C30045000961E1 /* IphoneEmployeeReview.swift in Sources */ = {isa = PBXBuildFile; fileRef = 8EC984E726C30045000961E1 /* IphoneEmployeeReview.swift */; };
		8EC984EB26C30578000961E1 /* IphoneOwnerReview.swift in Sources */ = {isa = PBXBuildFile; fileRef = 8EC984EA26C30578000961E1 /* IphoneOwnerReview.swift */; };
		8EC984ED26C3962A000961E1 /* OnboardingDataModel.swift in Sources */ = {isa = PBXBuildFile; fileRef = 8EC984EC26C3962A000961E1 /* OnboardingDataModel.swift */; };
		8EC984EF26C398E4000961E1 /* OnboardingViewPure.swift in Sources */ = {isa = PBXBuildFile; fileRef = 8EC984EE26C398E4000961E1 /* OnboardingViewPure.swift */; };
		8EC984F126C3994E000961E1 /* OnboardingStepView.swift in Sources */ = {isa = PBXBuildFile; fileRef = 8EC984F026C3994E000961E1 /* OnboardingStepView.swift */; };
		8EC984F326C3BF20000961E1 /* OnboardingFirstPage.swift in Sources */ = {isa = PBXBuildFile; fileRef = 8EC984F226C3BF20000961E1 /* OnboardingFirstPage.swift */; };
		B8172B5226D77F7C009FE090 /* DateService.swift in Sources */ = {isa = PBXBuildFile; fileRef = B8172B5126D77F7C009FE090 /* DateService.swift */; };
		B823A78926B7DEBA0035D9F4 /* AddDataPopOver.swift in Sources */ = {isa = PBXBuildFile; fileRef = B823A78826B7DEBA0035D9F4 /* AddDataPopOver.swift */; };
		B82B2CBD26D78F4F00CD8CD7 /* Date.swift in Sources */ = {isa = PBXBuildFile; fileRef = B82B2CBC26D78F4F00CD8CD7 /* Date.swift */; };
		B82B2CC026DCCA9000CD8CD7 /* SwiftUIX in Frameworks */ = {isa = PBXBuildFile; productRef = B82B2CBF26DCCA9000CD8CD7 /* SwiftUIX */; };
		B84F220026CA75BB00244A40 /* PasscodeField.swift in Sources */ = {isa = PBXBuildFile; fileRef = B84F21FF26CA75BB00244A40 /* PasscodeField.swift */; };
		B84F220526CBA93F00244A40 /* String.swift in Sources */ = {isa = PBXBuildFile; fileRef = B84F220426CBA93F00244A40 /* String.swift */; };
		B84F220726CBA98700244A40 /* Int.swift in Sources */ = {isa = PBXBuildFile; fileRef = B84F220626CBA98700244A40 /* Int.swift */; };
		B850700926B1461800530CBA /* GoogleService-Info.plist in Resources */ = {isa = PBXBuildFile; fileRef = B850700826B1461800530CBA /* GoogleService-Info.plist */; };
		B850700B26B14B3000530CBA /* CompanyOnboardingView.swift in Sources */ = {isa = PBXBuildFile; fileRef = B850700A26B14B3000530CBA /* CompanyOnboardingView.swift */; };
		B85ACC4D26C4121400B3BA31 /* Montserrat-SemiBold.ttf in Resources */ = {isa = PBXBuildFile; fileRef = B85ACC4C26C4121400B3BA31 /* Montserrat-SemiBold.ttf */; };
		B85ACC4F26C413A600B3BA31 /* TextBindingHelper.swift in Sources */ = {isa = PBXBuildFile; fileRef = B85ACC4E26C413A600B3BA31 /* TextBindingHelper.swift */; };
		B8B44EE926BACDF0001379AA /* StorageService.swift in Sources */ = {isa = PBXBuildFile; fileRef = B8B44EE826BACDF0001379AA /* StorageService.swift */; };
		B8B44EED26BAE8D4001379AA /* TaskList.swift in Sources */ = {isa = PBXBuildFile; fileRef = B8B44EEC26BAE8D4001379AA /* TaskList.swift */; };
		B8B44EEF26BAE977001379AA /* TaskListRepository.swift in Sources */ = {isa = PBXBuildFile; fileRef = B8B44EEE26BAE977001379AA /* TaskListRepository.swift */; };
		B8B44EF126BAEC95001379AA /* TaskListViewModel.swift in Sources */ = {isa = PBXBuildFile; fileRef = B8B44EF026BAEC95001379AA /* TaskListViewModel.swift */; };
		B8EFD9B426B8562E001E6086 /* CompanyViewModel.swift in Sources */ = {isa = PBXBuildFile; fileRef = B8EFD9B326B8562E001E6086 /* CompanyViewModel.swift */; };
		F83184C426BCF56900354AFD /* TaskListDetailView.swift in Sources */ = {isa = PBXBuildFile; fileRef = F83184C326BCF56900354AFD /* TaskListDetailView.swift */; };
		F83184CA26BD328000354AFD /* RepeatSheetView.swift in Sources */ = {isa = PBXBuildFile; fileRef = F83184C926BD328000354AFD /* RepeatSheetView.swift */; };
/* End PBXBuildFile section */

/* Begin PBXFileReference section */
		6F0CC8E326AFCF4700D15B96 /* Task.swift */ = {isa = PBXFileReference; lastKnownFileType = sourcecode.swift; path = Task.swift; sourceTree = "<group>"; };
		6F0CC8E526AFD86700D15B96 /* TaskRepository.swift */ = {isa = PBXFileReference; lastKnownFileType = sourcecode.swift; path = TaskRepository.swift; sourceTree = "<group>"; };
		6F0CC8E726B137CB00D15B96 /* TaskViewModel.swift */ = {isa = PBXFileReference; lastKnownFileType = sourcecode.swift; path = TaskViewModel.swift; sourceTree = "<group>"; };
		6F137C8926B2B57F00F79608 /* EmployeeListViewModel.swift */ = {isa = PBXFileReference; lastKnownFileType = sourcecode.swift; path = EmployeeListViewModel.swift; sourceTree = "<group>"; };
		6F6C13A826B3EB40000BBD26 /* PhotoComponent.swift */ = {isa = PBXFileReference; lastKnownFileType = sourcecode.swift; path = PhotoComponent.swift; sourceTree = "<group>"; };
		6F6C13AA26B3F377000BBD26 /* ImagePicker.swift */ = {isa = PBXFileReference; lastKnownFileType = sourcecode.swift; path = ImagePicker.swift; sourceTree = "<group>"; };
		6F923E6E26CF647A00E77615 /* HistoryDetail.swift */ = {isa = PBXFileReference; lastKnownFileType = sourcecode.swift; path = HistoryDetail.swift; sourceTree = "<group>"; };
		830B1DEF26A8149E00D38AE9 /* monitool.app */ = {isa = PBXFileReference; explicitFileType = wrapper.application; includeInIndex = 0; path = monitool.app; sourceTree = BUILT_PRODUCTS_DIR; };
		830B1DF226A8149E00D38AE9 /* MonitoolApp.swift */ = {isa = PBXFileReference; lastKnownFileType = sourcecode.swift; path = MonitoolApp.swift; sourceTree = "<group>"; };
		830B1DF426A8149E00D38AE9 /* MainOnboardingView.swift */ = {isa = PBXFileReference; lastKnownFileType = sourcecode.swift; path = MainOnboardingView.swift; sourceTree = "<group>"; };
		830B1DF926A8149F00D38AE9 /* Preview Assets.xcassets */ = {isa = PBXFileReference; lastKnownFileType = folder.assetcatalog; path = "Preview Assets.xcassets"; sourceTree = "<group>"; };
		830B1E0026A8149F00D38AE9 /* Info.plist */ = {isa = PBXFileReference; lastKnownFileType = text.plist.xml; path = Info.plist; sourceTree = "<group>"; };
		830B1E1726A81A3900D38AE9 /* AuthService.swift */ = {isa = PBXFileReference; lastKnownFileType = sourcecode.swift; path = AuthService.swift; sourceTree = "<group>"; };
		830C502D26D78C5B00BEFA89 /* ProofOfWork.swift */ = {isa = PBXFileReference; lastKnownFileType = sourcecode.swift; path = ProofOfWork.swift; sourceTree = "<group>"; };
		830C502F26D78C9000BEFA89 /* SectionHeader.swift */ = {isa = PBXFileReference; lastKnownFileType = sourcecode.swift; path = SectionHeader.swift; sourceTree = "<group>"; };
		8322357C26C44A2800E74ABF /* TaskListTabItem.swift */ = {isa = PBXFileReference; lastKnownFileType = sourcecode.swift; path = TaskListTabItem.swift; sourceTree = "<group>"; };
		833CCA9C26B67DCC00BA67CA /* AppColor.swift */ = {isa = PBXFileReference; lastKnownFileType = sourcecode.swift; path = AppColor.swift; sourceTree = "<group>"; };
		833CCA9E26B6824300BA67CA /* HistoryView.swift */ = {isa = PBXFileReference; lastKnownFileType = sourcecode.swift; path = HistoryView.swift; sourceTree = "<group>"; };
		833CCAA026B683C400BA67CA /* RoleService.swift */ = {isa = PBXFileReference; lastKnownFileType = sourcecode.swift; path = RoleService.swift; sourceTree = "<group>"; };
		8348BCE326BE4DEC000777EA /* TaskDetailViewModel.swift */ = {isa = PBXFileReference; lastKnownFileType = sourcecode.swift; path = TaskDetailViewModel.swift; sourceTree = "<group>"; };
		834C9E1026B6D88F0013335F /* AppIcon.swift */ = {isa = PBXFileReference; lastKnownFileType = sourcecode.swift; path = AppIcon.swift; sourceTree = "<group>"; };
		834FBB3926C1743700ABAACF /* EmployeeReviewViewModel.swift */ = {isa = PBXFileReference; lastKnownFileType = sourcecode.swift; path = EmployeeReviewViewModel.swift; sourceTree = "<group>"; };
		8352931226CA6A8A009F0F92 /* DateHelper.swift */ = {isa = PBXFileReference; lastKnownFileType = sourcecode.swift; path = DateHelper.swift; sourceTree = "<group>"; };
		8352931426CA6C49009F0F92 /* HistoryRow.swift */ = {isa = PBXFileReference; lastKnownFileType = sourcecode.swift; path = HistoryRow.swift; sourceTree = "<group>"; };
		835E357D26B15FC300DE542C /* EmployeeRepository.swift */ = {isa = PBXFileReference; lastKnownFileType = sourcecode.swift; path = EmployeeRepository.swift; sourceTree = "<group>"; };
		835F9ACB26CF993B00B9F52C /* ReviewStatus.swift */ = {isa = PBXFileReference; lastKnownFileType = sourcecode.swift; path = ReviewStatus.swift; sourceTree = "<group>"; };
		838B23F826BE943D004979A4 /* PrimaryButtonStyle.swift */ = {isa = PBXFileReference; lastKnownFileType = sourcecode.swift; path = PrimaryButtonStyle.swift; sourceTree = "<group>"; };
		838B23FA26BE97A5004979A4 /* TodayListViewModel.swift */ = {isa = PBXFileReference; lastKnownFileType = sourcecode.swift; path = TodayListViewModel.swift; sourceTree = "<group>"; };
		838B23FC26BE9B76004979A4 /* RoundedEdge.swift */ = {isa = PBXFileReference; lastKnownFileType = sourcecode.swift; path = RoundedEdge.swift; sourceTree = "<group>"; };
		839C025D26C15C3700F69773 /* Images.xcassets */ = {isa = PBXFileReference; lastKnownFileType = folder.assetcatalog; path = Images.xcassets; sourceTree = "<group>"; };
		839C025F26C15C7900F69773 /* Colors.xcassets */ = {isa = PBXFileReference; lastKnownFileType = folder.assetcatalog; path = Colors.xcassets; sourceTree = "<group>"; };
		839C026126C15CA500F69773 /* Misc.xcassets */ = {isa = PBXFileReference; lastKnownFileType = folder.assetcatalog; path = Misc.xcassets; sourceTree = "<group>"; };
		83A023E526B3F0DC002D24CC /* TaskListView.swift */ = {isa = PBXFileReference; lastKnownFileType = sourcecode.swift; path = TaskListView.swift; sourceTree = "<group>"; };
		83A023EB26B402A0002D24CC /* MainView.swift */ = {isa = PBXFileReference; lastKnownFileType = sourcecode.swift; path = MainView.swift; sourceTree = "<group>"; };
		83A023EF26B404EE002D24CC /* ProfileTabItem.swift */ = {isa = PBXFileReference; lastKnownFileType = sourcecode.swift; path = ProfileTabItem.swift; sourceTree = "<group>"; };
		83A023F626B40910002D24CC /* SidebarView.swift */ = {isa = PBXFileReference; lastKnownFileType = sourcecode.swift; path = SidebarView.swift; sourceTree = "<group>"; };
		83A023F826B40B42002D24CC /* TabItemRow.swift */ = {isa = PBXFileReference; lastKnownFileType = sourcecode.swift; path = TabItemRow.swift; sourceTree = "<group>"; };
		83A06C8A26C58B740098863F /* TaskManagerView.swift */ = {isa = PBXFileReference; lastKnownFileType = sourcecode.swift; path = TaskManagerView.swift; sourceTree = "<group>"; };
		83A06C8C26C58DFD0098863F /* TaskManagerDetailView.swift */ = {isa = PBXFileReference; lastKnownFileType = sourcecode.swift; path = TaskManagerDetailView.swift; sourceTree = "<group>"; };
		83A3EB5526CCE4F2005E410D /* PhoneLayout.swift */ = {isa = PBXFileReference; fileEncoding = 4; lastKnownFileType = sourcecode.swift; name = PhoneLayout.swift; path = monitool/Views/Main/PhoneLayout.swift; sourceTree = SOURCE_ROOT; };
		83A3EB5626CCE4F2005E410D /* PadLayout.swift */ = {isa = PBXFileReference; fileEncoding = 4; lastKnownFileType = sourcecode.swift; name = PadLayout.swift; path = monitool/Views/Main/PadLayout.swift; sourceTree = SOURCE_ROOT; };
		83A3EB5926CD0A67005E410D /* TaskHelper.swift */ = {isa = PBXFileReference; lastKnownFileType = sourcecode.swift; path = TaskHelper.swift; sourceTree = "<group>"; };
		83A48C9226CAD60400BA9980 /* SidebarMenuItem.swift */ = {isa = PBXFileReference; lastKnownFileType = sourcecode.swift; path = SidebarMenuItem.swift; sourceTree = "<group>"; };
		83A48C9426CAF22A00BA9980 /* SidebarMenuItemView.swift */ = {isa = PBXFileReference; lastKnownFileType = sourcecode.swift; path = SidebarMenuItemView.swift; sourceTree = "<group>"; };
		83A7209926BD4B96007A30D3 /* NavigationBarModifier.swift */ = {isa = PBXFileReference; lastKnownFileType = sourcecode.swift; path = NavigationBarModifier.swift; sourceTree = "<group>"; };
		83A7209C26BD7E6E007A30D3 /* Color.swift */ = {isa = PBXFileReference; lastKnownFileType = sourcecode.swift; path = Color.swift; sourceTree = "<group>"; };
		83B395CC26CE30A400AE6824 /* PhonePopover.swift */ = {isa = PBXFileReference; lastKnownFileType = sourcecode.swift; path = PhonePopover.swift; sourceTree = "<group>"; };
		83B664B826BBE30200F64364 /* ProfileViewModel.swift */ = {isa = PBXFileReference; lastKnownFileType = sourcecode.swift; path = ProfileViewModel.swift; sourceTree = "<group>"; };
		83B8AD4C26DDE0E900FF819F /* PhotoReference.swift */ = {isa = PBXFileReference; lastKnownFileType = sourcecode.swift; path = PhotoReference.swift; sourceTree = "<group>"; };
		83BCB48026D55C1100265411 /* Carousel.swift */ = {isa = PBXFileReference; lastKnownFileType = sourcecode.swift; path = Carousel.swift; sourceTree = "<group>"; };
		83BCB48426D563FC00265411 /* CarouselRepository.swift */ = {isa = PBXFileReference; lastKnownFileType = sourcecode.swift; path = CarouselRepository.swift; sourceTree = "<group>"; };
		83E0A9EF26D635F3008E9081 /* RightColumn.swift */ = {isa = PBXFileReference; lastKnownFileType = sourcecode.swift; path = RightColumn.swift; sourceTree = "<group>"; };
		83E9492326AFC384003903FE /* Employee.swift */ = {isa = PBXFileReference; lastKnownFileType = sourcecode.swift; path = Employee.swift; sourceTree = "<group>"; };
		83E9492726AFCA9D003903FE /* EmployeeHelper.swift */ = {isa = PBXFileReference; lastKnownFileType = sourcecode.swift; path = EmployeeHelper.swift; sourceTree = "<group>"; };
		83ECAF6126AA115B0069CF25 /* Strings.swift */ = {isa = PBXFileReference; fileEncoding = 4; lastKnownFileType = sourcecode.swift; path = Strings.swift; sourceTree = "<group>"; };
		83ECAF6326AA115B0069CF25 /* en */ = {isa = PBXFileReference; lastKnownFileType = text.plist.strings; name = en; path = en.lproj/Localizable.strings; sourceTree = "<group>"; };
		83ECAF6426AA115B0069CF25 /* id */ = {isa = PBXFileReference; lastKnownFileType = text.plist.strings; name = id; path = id.lproj/Localizable.strings; sourceTree = "<group>"; };
		83EF2A8626B292C500378602 /* SignIn.swift */ = {isa = PBXFileReference; lastKnownFileType = sourcecode.swift; path = SignIn.swift; sourceTree = "<group>"; };
		83EF2A8826B298F900378602 /* RepositoriesPath.swift */ = {isa = PBXFileReference; lastKnownFileType = sourcecode.swift; path = RepositoriesPath.swift; sourceTree = "<group>"; };
		83EF2A9226B29F1C00378602 /* TodoListTabItem.swift */ = {isa = PBXFileReference; lastKnownFileType = sourcecode.swift; path = TodoListTabItem.swift; sourceTree = "<group>"; };
		83F9BE3726C4FB3700B957F2 /* EditTaskListView.swift */ = {isa = PBXFileReference; lastKnownFileType = sourcecode.swift; path = EditTaskListView.swift; sourceTree = "<group>"; };
		83FEC45526CD823D00AA65F1 /* Alerts.swift */ = {isa = PBXFileReference; lastKnownFileType = sourcecode.swift; path = Alerts.swift; sourceTree = "<group>"; };
		83FEC45826CD82AB00AA65F1 /* AppAlert.swift */ = {isa = PBXFileReference; lastKnownFileType = sourcecode.swift; path = AppAlert.swift; sourceTree = "<group>"; };
		89BFB039E39A5ABB2477EAEE /* Pods-monitool.debug.xcconfig */ = {isa = PBXFileReference; includeInIndex = 1; lastKnownFileType = text.xcconfig; name = "Pods-monitool.debug.xcconfig"; path = "Target Support Files/Pods-monitool/Pods-monitool.debug.xcconfig"; sourceTree = "<group>"; };
		8E039A9226D6B6870012C09E /* TextLimiter.swift */ = {isa = PBXFileReference; lastKnownFileType = sourcecode.swift; path = TextLimiter.swift; sourceTree = "<group>"; };
		8E242C6026DB65D40088F9E7 /* DateLogHelper.swift */ = {isa = PBXFileReference; lastKnownFileType = sourcecode.swift; path = DateLogHelper.swift; sourceTree = "<group>"; };
		8E2A614D26B91C9300D82BBE /* AppOnboardingView.swift */ = {isa = PBXFileReference; lastKnownFileType = sourcecode.swift; path = AppOnboardingView.swift; sourceTree = "<group>"; };
		8E35AC5826BA8B00007613E9 /* NoSeparatorList.swift */ = {isa = PBXFileReference; lastKnownFileType = sourcecode.swift; path = NoSeparatorList.swift; sourceTree = "<group>"; };
		8E47F5FE26B9754B00B96004 /* EmployeeReviewView.swift */ = {isa = PBXFileReference; lastKnownFileType = sourcecode.swift; path = EmployeeReviewView.swift; sourceTree = "<group>"; };
		8E7A53BC26B13EC4007FA3A8 /* CompanyRepository.swift */ = {isa = PBXFileReference; lastKnownFileType = sourcecode.swift; path = CompanyRepository.swift; sourceTree = "<group>"; };
		8E7A53BE26B13F01007FA3A8 /* Company.swift */ = {isa = PBXFileReference; lastKnownFileType = sourcecode.swift; path = Company.swift; sourceTree = "<group>"; };
		8E97703526BD7AA100A4F341 /* OwnerReviewView.swift */ = {isa = PBXFileReference; lastKnownFileType = sourcecode.swift; path = OwnerReviewView.swift; sourceTree = "<group>"; };
		8E97703726BD7DC300A4F341 /* PageControl.swift */ = {isa = PBXFileReference; lastKnownFileType = sourcecode.swift; path = PageControl.swift; sourceTree = "<group>"; };
		8E97703D26BDAE5C00A4F341 /* HistoryTaskDetailView.swift */ = {isa = PBXFileReference; lastKnownFileType = sourcecode.swift; path = HistoryTaskDetailView.swift; sourceTree = "<group>"; };
		8E97703F26BDBAEF00A4F341 /* ReviseView.swift */ = {isa = PBXFileReference; lastKnownFileType = sourcecode.swift; path = ReviseView.swift; sourceTree = "<group>"; };
		8EA5EEDE26BFBEB5009C534F /* OwnerReviewViewBuilder.swift */ = {isa = PBXFileReference; lastKnownFileType = sourcecode.swift; path = OwnerReviewViewBuilder.swift; sourceTree = "<group>"; };
		8EA5EEE126BFC9B2009C534F /* EmployeeReviewViewBuilder.swift */ = {isa = PBXFileReference; lastKnownFileType = sourcecode.swift; path = EmployeeReviewViewBuilder.swift; sourceTree = "<group>"; };
		8EA5EEE426BFCF07009C534F /* ReviseViewBuilder.swift */ = {isa = PBXFileReference; lastKnownFileType = sourcecode.swift; path = ReviseViewBuilder.swift; sourceTree = "<group>"; };
		8EB4FA7E26BE4620009AABAF /* TodayListView.swift */ = {isa = PBXFileReference; lastKnownFileType = sourcecode.swift; path = TodayListView.swift; sourceTree = "<group>"; };
		8EC03EA726C680ED001245E5 /* ProfileView.swift */ = {isa = PBXFileReference; fileEncoding = 4; lastKnownFileType = sourcecode.swift; name = ProfileView.swift; path = "monitool/Views/Iphone/Components/Tab Items/ProfileView.swift"; sourceTree = SOURCE_ROOT; };
		8EC03EAA26C6CD94001245E5 /* IphoneReviseView.swift */ = {isa = PBXFileReference; lastKnownFileType = sourcecode.swift; path = IphoneReviseView.swift; sourceTree = "<group>"; };
		8EC984E426C2F5F2000961E1 /* IphoneTodayListView.swift */ = {isa = PBXFileReference; lastKnownFileType = sourcecode.swift; path = IphoneTodayListView.swift; sourceTree = "<group>"; };
		8EC984E726C30045000961E1 /* IphoneEmployeeReview.swift */ = {isa = PBXFileReference; lastKnownFileType = sourcecode.swift; path = IphoneEmployeeReview.swift; sourceTree = "<group>"; };
		8EC984EA26C30578000961E1 /* IphoneOwnerReview.swift */ = {isa = PBXFileReference; lastKnownFileType = sourcecode.swift; path = IphoneOwnerReview.swift; sourceTree = "<group>"; };
		8EC984EC26C3962A000961E1 /* OnboardingDataModel.swift */ = {isa = PBXFileReference; lastKnownFileType = sourcecode.swift; path = OnboardingDataModel.swift; sourceTree = "<group>"; };
		8EC984EE26C398E4000961E1 /* OnboardingViewPure.swift */ = {isa = PBXFileReference; fileEncoding = 4; lastKnownFileType = sourcecode.swift; path = OnboardingViewPure.swift; sourceTree = "<group>"; };
		8EC984F026C3994E000961E1 /* OnboardingStepView.swift */ = {isa = PBXFileReference; fileEncoding = 4; lastKnownFileType = sourcecode.swift; path = OnboardingStepView.swift; sourceTree = "<group>"; };
		8EC984F226C3BF20000961E1 /* OnboardingFirstPage.swift */ = {isa = PBXFileReference; lastKnownFileType = sourcecode.swift; path = OnboardingFirstPage.swift; sourceTree = "<group>"; };
		ADB96F69B4F62B81EF090F6E /* Pods-monitool.release.xcconfig */ = {isa = PBXFileReference; includeInIndex = 1; lastKnownFileType = text.xcconfig; name = "Pods-monitool.release.xcconfig"; path = "Target Support Files/Pods-monitool/Pods-monitool.release.xcconfig"; sourceTree = "<group>"; };
		B8172B5126D77F7C009FE090 /* DateService.swift */ = {isa = PBXFileReference; lastKnownFileType = sourcecode.swift; path = DateService.swift; sourceTree = "<group>"; };
		B823A78826B7DEBA0035D9F4 /* AddDataPopOver.swift */ = {isa = PBXFileReference; lastKnownFileType = sourcecode.swift; path = AddDataPopOver.swift; sourceTree = "<group>"; };
		B82B2CBC26D78F4F00CD8CD7 /* Date.swift */ = {isa = PBXFileReference; lastKnownFileType = sourcecode.swift; path = Date.swift; sourceTree = "<group>"; };
		B84F21FF26CA75BB00244A40 /* PasscodeField.swift */ = {isa = PBXFileReference; lastKnownFileType = sourcecode.swift; path = PasscodeField.swift; sourceTree = "<group>"; };
		B84F220426CBA93F00244A40 /* String.swift */ = {isa = PBXFileReference; lastKnownFileType = sourcecode.swift; path = String.swift; sourceTree = "<group>"; };
		B84F220626CBA98700244A40 /* Int.swift */ = {isa = PBXFileReference; lastKnownFileType = sourcecode.swift; path = Int.swift; sourceTree = "<group>"; };
		B850700726B1435900530CBA /* monitool.entitlements */ = {isa = PBXFileReference; lastKnownFileType = text.plist.entitlements; path = monitool.entitlements; sourceTree = "<group>"; };
		B850700826B1461800530CBA /* GoogleService-Info.plist */ = {isa = PBXFileReference; fileEncoding = 4; lastKnownFileType = text.plist.xml; path = "GoogleService-Info.plist"; sourceTree = "<group>"; };
		B850700A26B14B3000530CBA /* CompanyOnboardingView.swift */ = {isa = PBXFileReference; lastKnownFileType = sourcecode.swift; path = CompanyOnboardingView.swift; sourceTree = "<group>"; };
		B85ACC4C26C4121400B3BA31 /* Montserrat-SemiBold.ttf */ = {isa = PBXFileReference; lastKnownFileType = file; path = "Montserrat-SemiBold.ttf"; sourceTree = "<group>"; };
		B85ACC4E26C413A600B3BA31 /* TextBindingHelper.swift */ = {isa = PBXFileReference; lastKnownFileType = sourcecode.swift; path = TextBindingHelper.swift; sourceTree = "<group>"; };
		B8B44EE826BACDF0001379AA /* StorageService.swift */ = {isa = PBXFileReference; lastKnownFileType = sourcecode.swift; path = StorageService.swift; sourceTree = "<group>"; };
		B8B44EEC26BAE8D4001379AA /* TaskList.swift */ = {isa = PBXFileReference; lastKnownFileType = sourcecode.swift; path = TaskList.swift; sourceTree = "<group>"; };
		B8B44EEE26BAE977001379AA /* TaskListRepository.swift */ = {isa = PBXFileReference; lastKnownFileType = sourcecode.swift; path = TaskListRepository.swift; sourceTree = "<group>"; };
		B8B44EF026BAEC95001379AA /* TaskListViewModel.swift */ = {isa = PBXFileReference; lastKnownFileType = sourcecode.swift; path = TaskListViewModel.swift; sourceTree = "<group>"; };
		B8EFD9B326B8562E001E6086 /* CompanyViewModel.swift */ = {isa = PBXFileReference; lastKnownFileType = sourcecode.swift; path = CompanyViewModel.swift; sourceTree = "<group>"; };
		F335342D53E4540C34C3D459 /* Pods_monitool.framework */ = {isa = PBXFileReference; explicitFileType = wrapper.framework; includeInIndex = 0; path = Pods_monitool.framework; sourceTree = BUILT_PRODUCTS_DIR; };
		F83184C326BCF56900354AFD /* TaskListDetailView.swift */ = {isa = PBXFileReference; lastKnownFileType = sourcecode.swift; path = TaskListDetailView.swift; sourceTree = "<group>"; };
		F83184C926BD328000354AFD /* RepeatSheetView.swift */ = {isa = PBXFileReference; lastKnownFileType = sourcecode.swift; path = RepeatSheetView.swift; sourceTree = "<group>"; };
/* End PBXFileReference section */

/* Begin PBXFrameworksBuildPhase section */
		830B1DEC26A8149E00D38AE9 /* Frameworks */ = {
			isa = PBXFrameworksBuildPhase;
			buildActionMask = 2147483647;
			files = (
				451881067891BAAC4BD8922A /* Pods_monitool.framework in Frameworks */,
				B82B2CC026DCCA9000CD8CD7 /* SwiftUIX in Frameworks */,
			);
			runOnlyForDeploymentPostprocessing = 0;
		};
/* End PBXFrameworksBuildPhase section */

/* Begin PBXGroup section */
		830B1DE626A8149E00D38AE9 = {
			isa = PBXGroup;
			children = (
				830B1DF126A8149E00D38AE9 /* monitool */,
				830B1DF026A8149E00D38AE9 /* Products */,
				BE97FB7DC49FBB4DCF8E6A7C /* Pods */,
				C895C137BDFEFC537776B1C3 /* Frameworks */,
			);
			sourceTree = "<group>";
		};
		830B1DF026A8149E00D38AE9 /* Products */ = {
			isa = PBXGroup;
			children = (
				830B1DEF26A8149E00D38AE9 /* monitool.app */,
			);
			name = Products;
			sourceTree = "<group>";
		};
		830B1DF126A8149E00D38AE9 /* monitool */ = {
			isa = PBXGroup;
			children = (
				8EC984F426C3C4AA000961E1 /* Fonts */,
				830B1DF226A8149E00D38AE9 /* MonitoolApp.swift */,
				83A7209B26BD7E57007A30D3 /* Extensions */,
				835E358526B16CA800DE542C /* Configs */,
				833CCA9B26B67DB800BA67CA /* Constants */,
				835E358226B16A8300DE542C /* Helpers */,
				835E358026B169D000DE542C /* Models */,
				835E358326B16A9000DE542C /* Views */,
				835E357F26B169CA00DE542C /* ViewModels */,
				835E358126B169D700DE542C /* Repositories */,
				83ECAF6026AA115B0069CF25 /* Locales */,
				830B1E1626A81A2000D38AE9 /* Services */,
				835E358426B16AD900DE542C /* Resources */,
			);
			path = monitool;
			sourceTree = "<group>";
		};
		830B1E1626A81A2000D38AE9 /* Services */ = {
			isa = PBXGroup;
			children = (
				830B1E1726A81A3900D38AE9 /* AuthService.swift */,
				833CCAA026B683C400BA67CA /* RoleService.swift */,
				B8B44EE826BACDF0001379AA /* StorageService.swift */,
				B8172B5126D77F7C009FE090 /* DateService.swift */,
			);
			path = Services;
			sourceTree = "<group>";
		};
		833CCA9B26B67DB800BA67CA /* Constants */ = {
			isa = PBXGroup;
			children = (
				833CCA9C26B67DCC00BA67CA /* AppColor.swift */,
				834C9E1026B6D88F0013335F /* AppIcon.swift */,
				83FEC45826CD82AB00AA65F1 /* AppAlert.swift */,
			);
			path = Constants;
			sourceTree = "<group>";
		};
		8348BCE226BE4CA4000777EA /* Task Detail View */ = {
			isa = PBXGroup;
			children = (
				8EA5EEE326BFCDEE009C534F /* Revise */,
				8EA5EEE026BFC46C009C534F /* EmployeeReview */,
				8EA5EEDD26BFBE8A009C534F /* OwnerList */,
				838B23F526BE908D004979A4 /* Today List */,
			);
			path = "Task Detail View";
			sourceTree = "<group>";
		};
		835E357F26B169CA00DE542C /* ViewModels */ = {
			isa = PBXGroup;
			children = (
				838B23FA26BE97A5004979A4 /* TodayListViewModel.swift */,
				834FBB3926C1743700ABAACF /* EmployeeReviewViewModel.swift */,
				8348BCE326BE4DEC000777EA /* TaskDetailViewModel.swift */,
				6F0CC8E726B137CB00D15B96 /* TaskViewModel.swift */,
				6F137C8926B2B57F00F79608 /* EmployeeListViewModel.swift */,
				B8EFD9B326B8562E001E6086 /* CompanyViewModel.swift */,
				83B664B826BBE30200F64364 /* ProfileViewModel.swift */,
				B8B44EF026BAEC95001379AA /* TaskListViewModel.swift */,
			);
			path = ViewModels;
			sourceTree = "<group>";
		};
		835E358026B169D000DE542C /* Models */ = {
			isa = PBXGroup;
			children = (
				6F0CC8E326AFCF4700D15B96 /* Task.swift */,
				83E9492326AFC384003903FE /* Employee.swift */,
				8E7A53BE26B13F01007FA3A8 /* Company.swift */,
				B8B44EEC26BAE8D4001379AA /* TaskList.swift */,
				8EC984EC26C3962A000961E1 /* OnboardingDataModel.swift */,
				83A48C9226CAD60400BA9980 /* SidebarMenuItem.swift */,
			);
			path = Models;
			sourceTree = "<group>";
		};
		835E358126B169D700DE542C /* Repositories */ = {
			isa = PBXGroup;
			children = (
				835E357D26B15FC300DE542C /* EmployeeRepository.swift */,
				8E7A53BC26B13EC4007FA3A8 /* CompanyRepository.swift */,
				6F0CC8E526AFD86700D15B96 /* TaskRepository.swift */,
				83EF2A8826B298F900378602 /* RepositoriesPath.swift */,
				B8B44EEE26BAE977001379AA /* TaskListRepository.swift */,
				83BCB48426D563FC00265411 /* CarouselRepository.swift */,
			);
			path = Repositories;
			sourceTree = "<group>";
		};
		835E358226B16A8300DE542C /* Helpers */ = {
			isa = PBXGroup;
			children = (
				83E9492726AFCA9D003903FE /* EmployeeHelper.swift */,
				B85ACC4E26C413A600B3BA31 /* TextBindingHelper.swift */,
				8E039A9226D6B6870012C09E /* TextLimiter.swift */,
				8352931226CA6A8A009F0F92 /* DateHelper.swift */,
				83A3EB5926CD0A67005E410D /* TaskHelper.swift */,
				8E242C6026DB65D40088F9E7 /* DateLogHelper.swift */,
			);
			path = Helpers;
			sourceTree = "<group>";
		};
		835E358326B16A9000DE542C /* Views */ = {
			isa = PBXGroup;
			children = (
				83A023F126B406FA002D24CC /* Main */,
				8EC03EA426C67E1A001245E5 /* iPad */,
				8EC03EA326C67E13001245E5 /* iPhone */,
				83EF2A8326B2927C00378602 /* Shared Components */,
			);
			path = Views;
			sourceTree = "<group>";
		};
		835E358426B16AD900DE542C /* Resources */ = {
			isa = PBXGroup;
			children = (
				839C026326C15DD100F69773 /* dev */,
				839C025D26C15C3700F69773 /* Images.xcassets */,
				839C025F26C15C7900F69773 /* Colors.xcassets */,
				839C026126C15CA500F69773 /* Misc.xcassets */,
			);
			path = Resources;
			sourceTree = "<group>";
		};
		835E358526B16CA800DE542C /* Configs */ = {
			isa = PBXGroup;
			children = (
				830B1E0026A8149F00D38AE9 /* Info.plist */,
				B850700826B1461800530CBA /* GoogleService-Info.plist */,
				B850700726B1435900530CBA /* monitool.entitlements */,
			);
			path = Configs;
			sourceTree = "<group>";
		};
		838B23F526BE908D004979A4 /* Today List */ = {
			isa = PBXGroup;
			children = (
				8EB4FA7E26BE4620009AABAF /* TodayListView.swift */,
			);
			path = "Today List";
			sourceTree = "<group>";
		};
		839C026326C15DD100F69773 /* dev */ = {
			isa = PBXGroup;
			children = (
				830B1DF926A8149F00D38AE9 /* Preview Assets.xcassets */,
			);
			path = dev;
			sourceTree = "<group>";
		};
		83A023F126B406FA002D24CC /* Main */ = {
			isa = PBXGroup;
			children = (
				83D8F25C26BC247C007491ED /* Onboarding */,
				83A023EB26B402A0002D24CC /* MainView.swift */,
				83A3EB5626CCE4F2005E410D /* PadLayout.swift */,
				83A3EB5526CCE4F2005E410D /* PhoneLayout.swift */,
			);
			path = Main;
			sourceTree = "<group>";
		};
		83A023F326B40828002D24CC /* Components */ = {
			isa = PBXGroup;
			children = (
				83A023F526B408EC002D24CC /* Tab Items */,
				83F9BE3726C4FB3700B957F2 /* EditTaskListView.swift */,
			);
			path = Components;
			sourceTree = "<group>";
		};
		83A023F426B408B5002D24CC /* Components */ = {
			isa = PBXGroup;
			children = (
				83A48C9626CAF26500BA9980 /* Sidebar */,
				8EC03EA726C680ED001245E5 /* ProfileView.swift */,
				83A023E526B3F0DC002D24CC /* TaskListView.swift */,
				833CCA9E26B6824300BA67CA /* HistoryView.swift */,
				8E97703D26BDAE5C00A4F341 /* HistoryTaskDetailView.swift */,
				F83184C326BCF56900354AFD /* TaskListDetailView.swift */,
				83A06C8A26C58B740098863F /* TaskManagerView.swift */,
				83A06C8C26C58DFD0098863F /* TaskManagerDetailView.swift */,
			);
			path = Components;
			sourceTree = "<group>";
		};
		83A023F526B408EC002D24CC /* Tab Items */ = {
			isa = PBXGroup;
			children = (
				83EF2A9226B29F1C00378602 /* TodoListTabItem.swift */,
				83A023EF26B404EE002D24CC /* ProfileTabItem.swift */,
				8322357C26C44A2800E74ABF /* TaskListTabItem.swift */,
				6F923E6E26CF647A00E77615 /* HistoryDetail.swift */,
			);
			path = "Tab Items";
			sourceTree = "<group>";
		};
		83A48C9626CAF26500BA9980 /* Sidebar */ = {
			isa = PBXGroup;
			children = (
				83A48C9426CAF22A00BA9980 /* SidebarMenuItemView.swift */,
				83A023F626B40910002D24CC /* SidebarView.swift */,
			);
			path = Sidebar;
			sourceTree = "<group>";
		};
		83A7209B26BD7E57007A30D3 /* Extensions */ = {
			isa = PBXGroup;
			children = (
				83A7209926BD4B96007A30D3 /* NavigationBarModifier.swift */,
				83A7209C26BD7E6E007A30D3 /* Color.swift */,
				B84F220426CBA93F00244A40 /* String.swift */,
				B84F220626CBA98700244A40 /* Int.swift */,
				B82B2CBC26D78F4F00CD8CD7 /* Date.swift */,
			);
			path = Extensions;
			sourceTree = "<group>";
		};
		83D8F25C26BC247C007491ED /* Onboarding */ = {
			isa = PBXGroup;
			children = (
				83D8F25D26BC2483007491ED /* App */,
				83D8F25E26BC2490007491ED /* Company */,
			);
			path = Onboarding;
			sourceTree = "<group>";
		};
		83D8F25D26BC2483007491ED /* App */ = {
			isa = PBXGroup;
			children = (
				830B1DF426A8149E00D38AE9 /* MainOnboardingView.swift */,
				8EC984EE26C398E4000961E1 /* OnboardingViewPure.swift */,
				8E2A614D26B91C9300D82BBE /* AppOnboardingView.swift */,
			);
			path = App;
			sourceTree = "<group>";
		};
		83D8F25E26BC2490007491ED /* Company */ = {
			isa = PBXGroup;
			children = (
				B850700A26B14B3000530CBA /* CompanyOnboardingView.swift */,
			);
			path = Company;
			sourceTree = "<group>";
		};
		83E0A9EC26D635D8008E9081 /* Task Detail */ = {
			isa = PBXGroup;
			children = (
				83B8AD4C26DDE0E900FF819F /* PhotoReference.swift */,
				83E0A9F126D66CC2008E9081 /* Right Column */,
			);
			path = "Task Detail";
			sourceTree = "<group>";
		};
		83E0A9F126D66CC2008E9081 /* Right Column */ = {
			isa = PBXGroup;
			children = (
				835F9ACB26CF993B00B9F52C /* ReviewStatus.swift */,
				83BCB48026D55C1100265411 /* Carousel.swift */,
				8E97703726BD7DC300A4F341 /* PageControl.swift */,
				83E0A9EF26D635F3008E9081 /* RightColumn.swift */,
				830C502D26D78C5B00BEFA89 /* ProofOfWork.swift */,
				830C502F26D78C9000BEFA89 /* SectionHeader.swift */,
			);
			path = "Right Column";
			sourceTree = "<group>";
		};
		83ECAF6026AA115B0069CF25 /* Locales */ = {
			isa = PBXGroup;
			children = (
				83ECAF6126AA115B0069CF25 /* Strings.swift */,
				83ECAF6226AA115B0069CF25 /* Localizable.strings */,
			);
			path = Locales;
			sourceTree = "<group>";
		};
		83EF2A8326B2927C00378602 /* Shared Components */ = {
			isa = PBXGroup;
			children = (
				83E0A9EC26D635D8008E9081 /* Task Detail */,
				83FEC45726CD824400AA65F1 /* Task List */,
				8EC984F026C3994E000961E1 /* OnboardingStepView.swift */,
				83EF2A8626B292C500378602 /* SignIn.swift */,
				83A023F826B40B42002D24CC /* TabItemRow.swift */,
				6F6C13A826B3EB40000BBD26 /* PhotoComponent.swift */,
				6F6C13AA26B3F377000BBD26 /* ImagePicker.swift */,
				8E35AC5826BA8B00007613E9 /* NoSeparatorList.swift */,
				B823A78826B7DEBA0035D9F4 /* AddDataPopOver.swift */,
				F83184C926BD328000354AFD /* RepeatSheetView.swift */,
				838B23F826BE943D004979A4 /* PrimaryButtonStyle.swift */,
				838B23FC26BE9B76004979A4 /* RoundedEdge.swift */,
				8EC984F226C3BF20000961E1 /* OnboardingFirstPage.swift */,
				B84F21FF26CA75BB00244A40 /* PasscodeField.swift */,
				8352931426CA6C49009F0F92 /* HistoryRow.swift */,
			);
			path = "Shared Components";
			sourceTree = "<group>";
		};
		83FEC45726CD824400AA65F1 /* Task List */ = {
			isa = PBXGroup;
			children = (
				83FEC45526CD823D00AA65F1 /* Alerts.swift */,
				83B395CC26CE30A400AE6824 /* PhonePopover.swift */,
			);
			path = "Task List";
			sourceTree = "<group>";
		};
		8EA5EEDD26BFBE8A009C534F /* OwnerList */ = {
			isa = PBXGroup;
			children = (
				8E97703526BD7AA100A4F341 /* OwnerReviewView.swift */,
				8EA5EEDE26BFBEB5009C534F /* OwnerReviewViewBuilder.swift */,
			);
			path = OwnerList;
			sourceTree = "<group>";
		};
		8EA5EEE026BFC46C009C534F /* EmployeeReview */ = {
			isa = PBXGroup;
			children = (
				8E47F5FE26B9754B00B96004 /* EmployeeReviewView.swift */,
				8EA5EEE126BFC9B2009C534F /* EmployeeReviewViewBuilder.swift */,
			);
			path = EmployeeReview;
			sourceTree = "<group>";
		};
		8EA5EEE326BFCDEE009C534F /* Revise */ = {
			isa = PBXGroup;
			children = (
				8E97703F26BDBAEF00A4F341 /* ReviseView.swift */,
				8EA5EEE426BFCF07009C534F /* ReviseViewBuilder.swift */,
			);
			path = Revise;
			sourceTree = "<group>";
		};
		8EC03EA326C67E13001245E5 /* iPhone */ = {
			isa = PBXGroup;
			children = (
				83A023F326B40828002D24CC /* Components */,
				8EC984E226C2F569000961E1 /* Task Detail */,
			);
			path = iPhone;
			sourceTree = "<group>";
		};
		8EC03EA426C67E1A001245E5 /* iPad */ = {
			isa = PBXGroup;
			children = (
				83A023F426B408B5002D24CC /* Components */,
				8348BCE226BE4CA4000777EA /* Task Detail View */,
			);
			path = iPad;
			sourceTree = "<group>";
		};
		8EC03EA926C6CD73001245E5 /* Revise */ = {
			isa = PBXGroup;
			children = (
				8EC03EAA26C6CD94001245E5 /* IphoneReviseView.swift */,
			);
			path = Revise;
			sourceTree = "<group>";
		};
		8EC984E226C2F569000961E1 /* Task Detail */ = {
			isa = PBXGroup;
			children = (
				8EC03EA926C6CD73001245E5 /* Revise */,
				8EC984E926C30566000961E1 /* OwnerReview */,
				8EC984E626C3001C000961E1 /* EmployeeReview */,
				8EC984E326C2F5DD000961E1 /* TodayList */,
			);
			path = "Task Detail";
			sourceTree = "<group>";
		};
		8EC984E326C2F5DD000961E1 /* TodayList */ = {
			isa = PBXGroup;
			children = (
				8EC984E426C2F5F2000961E1 /* IphoneTodayListView.swift */,
			);
			path = TodayList;
			sourceTree = "<group>";
		};
		8EC984E626C3001C000961E1 /* EmployeeReview */ = {
			isa = PBXGroup;
			children = (
				8EC984E726C30045000961E1 /* IphoneEmployeeReview.swift */,
			);
			path = EmployeeReview;
			sourceTree = "<group>";
		};
		8EC984E926C30566000961E1 /* OwnerReview */ = {
			isa = PBXGroup;
			children = (
				8EC984EA26C30578000961E1 /* IphoneOwnerReview.swift */,
			);
			path = OwnerReview;
			sourceTree = "<group>";
		};
		8EC984F426C3C4AA000961E1 /* Fonts */ = {
			isa = PBXGroup;
			children = (
				B85ACC4C26C4121400B3BA31 /* Montserrat-SemiBold.ttf */,
			);
			path = Fonts;
			sourceTree = "<group>";
		};
		BE97FB7DC49FBB4DCF8E6A7C /* Pods */ = {
			isa = PBXGroup;
			children = (
				89BFB039E39A5ABB2477EAEE /* Pods-monitool.debug.xcconfig */,
				ADB96F69B4F62B81EF090F6E /* Pods-monitool.release.xcconfig */,
			);
			path = Pods;
			sourceTree = "<group>";
		};
		C895C137BDFEFC537776B1C3 /* Frameworks */ = {
			isa = PBXGroup;
			children = (
				F335342D53E4540C34C3D459 /* Pods_monitool.framework */,
			);
			name = Frameworks;
			sourceTree = "<group>";
		};
/* End PBXGroup section */

/* Begin PBXNativeTarget section */
		830B1DEE26A8149E00D38AE9 /* monitool */ = {
			isa = PBXNativeTarget;
			buildConfigurationList = 830B1E0326A8149F00D38AE9 /* Build configuration list for PBXNativeTarget "monitool" */;
			buildPhases = (
				4E3D61E1EBB5E5A3B2800C5C /* [CP] Check Pods Manifest.lock */,
				830B1DEB26A8149E00D38AE9 /* Sources */,
				830B1DEC26A8149E00D38AE9 /* Frameworks */,
				830B1DED26A8149E00D38AE9 /* Resources */,
				57197A934BED691BB48AF9AB /* [CP] Embed Pods Frameworks */,
				B84F220126CAA42500244A40 /* ShellScript */,
				83E83C9D26CAA94000562DB2 /* Run SwiftLint */,
			);
			buildRules = (
			);
			dependencies = (
			);
			name = monitool;
			packageProductDependencies = (
				B82B2CBF26DCCA9000CD8CD7 /* SwiftUIX */,
			);
			productName = monitool;
			productReference = 830B1DEF26A8149E00D38AE9 /* monitool.app */;
			productType = "com.apple.product-type.application";
		};
/* End PBXNativeTarget section */

/* Begin PBXProject section */
		830B1DE726A8149E00D38AE9 /* Project object */ = {
			isa = PBXProject;
			attributes = {
				LastSwiftUpdateCheck = 1250;
				LastUpgradeCheck = 1250;
				TargetAttributes = {
					830B1DEE26A8149E00D38AE9 = {
						CreatedOnToolsVersion = 12.5;
					};
				};
			};
			buildConfigurationList = 830B1DEA26A8149E00D38AE9 /* Build configuration list for PBXProject "monitool" */;
			compatibilityVersion = "Xcode 9.3";
			developmentRegion = en;
			hasScannedForEncodings = 0;
			knownRegions = (
				en,
				Base,
				id,
			);
			mainGroup = 830B1DE626A8149E00D38AE9;
			packageReferences = (
				B82B2CBE26DCCA9000CD8CD7 /* XCRemoteSwiftPackageReference "SwiftUIX" */,
			);
			productRefGroup = 830B1DF026A8149E00D38AE9 /* Products */;
			projectDirPath = "";
			projectRoot = "";
			targets = (
				830B1DEE26A8149E00D38AE9 /* monitool */,
			);
		};
/* End PBXProject section */

/* Begin PBXResourcesBuildPhase section */
		830B1DED26A8149E00D38AE9 /* Resources */ = {
			isa = PBXResourcesBuildPhase;
			buildActionMask = 2147483647;
			files = (
				830B1DFA26A8149F00D38AE9 /* Preview Assets.xcassets in Resources */,
				839C026226C15CA500F69773 /* Misc.xcassets in Resources */,
				839C025E26C15C3700F69773 /* Images.xcassets in Resources */,
				B850700926B1461800530CBA /* GoogleService-Info.plist in Resources */,
				839C026026C15C7900F69773 /* Colors.xcassets in Resources */,
				B85ACC4D26C4121400B3BA31 /* Montserrat-SemiBold.ttf in Resources */,
				83ECAF6626AA115B0069CF25 /* Localizable.strings in Resources */,
			);
			runOnlyForDeploymentPostprocessing = 0;
		};
/* End PBXResourcesBuildPhase section */

/* Begin PBXShellScriptBuildPhase section */
		4E3D61E1EBB5E5A3B2800C5C /* [CP] Check Pods Manifest.lock */ = {
			isa = PBXShellScriptBuildPhase;
			buildActionMask = 2147483647;
			files = (
			);
			inputFileListPaths = (
			);
			inputPaths = (
				"${PODS_PODFILE_DIR_PATH}/Podfile.lock",
				"${PODS_ROOT}/Manifest.lock",
			);
			name = "[CP] Check Pods Manifest.lock";
			outputFileListPaths = (
			);
			outputPaths = (
				"$(DERIVED_FILE_DIR)/Pods-monitool-checkManifestLockResult.txt",
			);
			runOnlyForDeploymentPostprocessing = 0;
			shellPath = /bin/sh;
			shellScript = "diff \"${PODS_PODFILE_DIR_PATH}/Podfile.lock\" \"${PODS_ROOT}/Manifest.lock\" > /dev/null\nif [ $? != 0 ] ; then\n    # print error to STDERR\n    echo \"error: The sandbox is not in sync with the Podfile.lock. Run 'pod install' or update your CocoaPods installation.\" >&2\n    exit 1\nfi\n# This output is used by Xcode 'outputs' to avoid re-running this script phase.\necho \"SUCCESS\" > \"${SCRIPT_OUTPUT_FILE_0}\"\n";
			showEnvVarsInLog = 0;
		};
		57197A934BED691BB48AF9AB /* [CP] Embed Pods Frameworks */ = {
			isa = PBXShellScriptBuildPhase;
			buildActionMask = 2147483647;
			files = (
			);
			inputFileListPaths = (
				"${PODS_ROOT}/Target Support Files/Pods-monitool/Pods-monitool-frameworks-${CONFIGURATION}-input-files.xcfilelist",
			);
			name = "[CP] Embed Pods Frameworks";
			outputFileListPaths = (
				"${PODS_ROOT}/Target Support Files/Pods-monitool/Pods-monitool-frameworks-${CONFIGURATION}-output-files.xcfilelist",
			);
			runOnlyForDeploymentPostprocessing = 0;
			shellPath = /bin/sh;
			shellScript = "\"${PODS_ROOT}/Target Support Files/Pods-monitool/Pods-monitool-frameworks.sh\"\n";
			showEnvVarsInLog = 0;
		};
		83E83C9D26CAA94000562DB2 /* Run SwiftLint */ = {
			isa = PBXShellScriptBuildPhase;
			buildActionMask = 2147483647;
			files = (
			);
			inputFileListPaths = (
			);
			inputPaths = (
			);
			name = "Run SwiftLint";
			outputFileListPaths = (
			);
			outputPaths = (
			);
			runOnlyForDeploymentPostprocessing = 0;
			shellPath = /bin/sh;
			shellScript = "if which swiftlint >/dev/null; then\n  swiftlint\nelse\n  echo \"warning: SwiftLint not installed, download from https://github.com/realm/SwiftLint\"\nfi\n";
		};
		B84F220126CAA42500244A40 /* ShellScript */ = {
			isa = PBXShellScriptBuildPhase;
			buildActionMask = 2147483647;
			files = (
			);
			inputFileListPaths = (
			);
			inputPaths = (
				"${DWARF_DSYM_FOLDER_PATH}/${DWARF_DSYM_FILE_NAME}/Contents/Resources/DWARF/${TARGET_NAME}",
				"$(SRCROOT)/$(BUILT_PRODUCTS_DIR)/$(INFOPLIST_PATH)",
			);
			outputFileListPaths = (
			);
			outputPaths = (
			);
			runOnlyForDeploymentPostprocessing = 0;
			shellPath = /bin/sh;
			shellScript = "# Type a script or drag a script file from your workspace to insert its path.\n\"${PODS_ROOT}/FirebaseCrashlytics/run\"\n";
		};
/* End PBXShellScriptBuildPhase section */

/* Begin PBXSourcesBuildPhase section */
		830B1DEB26A8149E00D38AE9 /* Sources */ = {
			isa = PBXSourcesBuildPhase;
			buildActionMask = 2147483647;
			files = (
				8352931526CA6C49009F0F92 /* HistoryRow.swift in Sources */,
				8352931326CA6A8A009F0F92 /* DateHelper.swift in Sources */,
				B8B44EED26BAE8D4001379AA /* TaskList.swift in Sources */,
				B84F220526CBA93F00244A40 /* String.swift in Sources */,
				8E039A9326D6B6870012C09E /* TextLimiter.swift in Sources */,
				83E0A9F026D635F3008E9081 /* RightColumn.swift in Sources */,
				8322357D26C44A2800E74ABF /* TaskListTabItem.swift in Sources */,
				B8B44EF126BAEC95001379AA /* TaskListViewModel.swift in Sources */,
				8348BCE426BE4DEC000777EA /* TaskDetailViewModel.swift in Sources */,
				83BCB48126D55C1100265411 /* Carousel.swift in Sources */,
				83A023E626B3F0DC002D24CC /* TaskListView.swift in Sources */,
				835F9ACC26CF993B00B9F52C /* ReviewStatus.swift in Sources */,
				83A023EC26B402A0002D24CC /* MainView.swift in Sources */,
				83A7209A26BD4B96007A30D3 /* NavigationBarModifier.swift in Sources */,
				6F0CC8E826B137CB00D15B96 /* TaskViewModel.swift in Sources */,
				8EC984F126C3994E000961E1 /* OnboardingStepView.swift in Sources */,
				838B23FD26BE9B76004979A4 /* RoundedEdge.swift in Sources */,
				8E242C6126DB65D40088F9E7 /* DateLogHelper.swift in Sources */,
				B823A78926B7DEBA0035D9F4 /* AddDataPopOver.swift in Sources */,
				830B1DF526A8149E00D38AE9 /* MainOnboardingView.swift in Sources */,
				8E35AC5926BA8B00007613E9 /* NoSeparatorList.swift in Sources */,
				F83184C426BCF56900354AFD /* TaskListDetailView.swift in Sources */,
				6F0CC8E626AFD86700D15B96 /* TaskRepository.swift in Sources */,
				8EC03EA826C680ED001245E5 /* ProfileView.swift in Sources */,
				B8B44EEF26BAE977001379AA /* TaskListRepository.swift in Sources */,
				B82B2CBD26D78F4F00CD8CD7 /* Date.swift in Sources */,
				83A3EB5726CCE4F2005E410D /* PhoneLayout.swift in Sources */,
				833CCA9D26B67DCC00BA67CA /* AppColor.swift in Sources */,
				8EA5EEE526BFCF07009C534F /* ReviseViewBuilder.swift in Sources */,
				83A023F926B40B42002D24CC /* TabItemRow.swift in Sources */,
				83A06C8D26C58DFD0098863F /* TaskManagerDetailView.swift in Sources */,
				B84F220026CA75BB00244A40 /* PasscodeField.swift in Sources */,
				83B8AD4D26DDE0E900FF819F /* PhotoReference.swift in Sources */,
				6F6C13AB26B3F377000BBD26 /* ImagePicker.swift in Sources */,
				8EA5EEDF26BFBEB5009C534F /* OwnerReviewViewBuilder.swift in Sources */,
				83E9492426AFC384003903FE /* Employee.swift in Sources */,
				83F9BE3826C4FB3700B957F2 /* EditTaskListView.swift in Sources */,
				8E97703626BD7AA100A4F341 /* OwnerReviewView.swift in Sources */,
				834C9E1126B6D88F0013335F /* AppIcon.swift in Sources */,
				B8B44EE926BACDF0001379AA /* StorageService.swift in Sources */,
				830B1DF326A8149E00D38AE9 /* MonitoolApp.swift in Sources */,
				8E47F5FF26B9754B00B96004 /* EmployeeReviewView.swift in Sources */,
				83A3EB5826CCE4F2005E410D /* PadLayout.swift in Sources */,
				8EC984E526C2F5F2000961E1 /* IphoneTodayListView.swift in Sources */,
				B8EFD9B426B8562E001E6086 /* CompanyViewModel.swift in Sources */,
				83FEC45926CD82AB00AA65F1 /* AppAlert.swift in Sources */,
				8EA5EEE226BFC9B2009C534F /* EmployeeReviewViewBuilder.swift in Sources */,
				83ECAF6526AA115B0069CF25 /* Strings.swift in Sources */,
				830C503026D78C9000BEFA89 /* SectionHeader.swift in Sources */,
				8E7A53BD26B13EC4007FA3A8 /* CompanyRepository.swift in Sources */,
				8EC984F326C3BF20000961E1 /* OnboardingFirstPage.swift in Sources */,
				6F923E6F26CF647A00E77615 /* HistoryDetail.swift in Sources */,
				83A06C8B26C58B740098863F /* TaskManagerView.swift in Sources */,
				83EF2A9326B29F1C00378602 /* TodoListTabItem.swift in Sources */,
				6F0CC8E426AFCF4700D15B96 /* Task.swift in Sources */,
				83A48C9326CAD60400BA9980 /* SidebarMenuItem.swift in Sources */,
				B850700B26B14B3000530CBA /* CompanyOnboardingView.swift in Sources */,
				8EC984ED26C3962A000961E1 /* OnboardingDataModel.swift in Sources */,
				8E2A614E26B91C9300D82BBE /* AppOnboardingView.swift in Sources */,
				8E97703826BD7DC300A4F341 /* PageControl.swift in Sources */,
				83FEC45626CD823D00AA65F1 /* Alerts.swift in Sources */,
				83B395CD26CE30A400AE6824 /* PhonePopover.swift in Sources */,
				83BCB48526D563FC00265411 /* CarouselRepository.swift in Sources */,
				834FBB3A26C1743700ABAACF /* EmployeeReviewViewModel.swift in Sources */,
				838B23F926BE943D004979A4 /* PrimaryButtonStyle.swift in Sources */,
				B8172B5226D77F7C009FE090 /* DateService.swift in Sources */,
				83A023F026B404EE002D24CC /* ProfileTabItem.swift in Sources */,
				8EC984EF26C398E4000961E1 /* OnboardingViewPure.swift in Sources */,
				83B664B926BBE30200F64364 /* ProfileViewModel.swift in Sources */,
				833CCAA126B683C400BA67CA /* RoleService.swift in Sources */,
				83A023F726B40910002D24CC /* SidebarView.swift in Sources */,
				8E97704026BDBAEF00A4F341 /* ReviseView.swift in Sources */,
				835E357E26B15FC300DE542C /* EmployeeRepository.swift in Sources */,
				83A48C9526CAF22A00BA9980 /* SidebarMenuItemView.swift in Sources */,
				8EC984E826C30045000961E1 /* IphoneEmployeeReview.swift in Sources */,
				83A7209D26BD7E6E007A30D3 /* Color.swift in Sources */,
				830B1E1826A81A3900D38AE9 /* AuthService.swift in Sources */,
				8EC984EB26C30578000961E1 /* IphoneOwnerReview.swift in Sources */,
				83EF2A8926B298F900378602 /* RepositoriesPath.swift in Sources */,
				838B23FB26BE97A5004979A4 /* TodayListViewModel.swift in Sources */,
				83EF2A8726B292C500378602 /* SignIn.swift in Sources */,
				8EC03EAB26C6CD94001245E5 /* IphoneReviseView.swift in Sources */,
				B84F220726CBA98700244A40 /* Int.swift in Sources */,
				833CCA9F26B6824300BA67CA /* HistoryView.swift in Sources */,
				F83184CA26BD328000354AFD /* RepeatSheetView.swift in Sources */,
				830C502E26D78C5B00BEFA89 /* ProofOfWork.swift in Sources */,
				83E9492826AFCA9D003903FE /* EmployeeHelper.swift in Sources */,
				6F6C13A926B3EB40000BBD26 /* PhotoComponent.swift in Sources */,
				6F137C8A26B2B57F00F79608 /* EmployeeListViewModel.swift in Sources */,
				B85ACC4F26C413A600B3BA31 /* TextBindingHelper.swift in Sources */,
				8E97703E26BDAE5C00A4F341 /* HistoryTaskDetailView.swift in Sources */,
				8EB4FA7F26BE4620009AABAF /* TodayListView.swift in Sources */,
				83A3EB5A26CD0A67005E410D /* TaskHelper.swift in Sources */,
				8E7A53BF26B13F01007FA3A8 /* Company.swift in Sources */,
			);
			runOnlyForDeploymentPostprocessing = 0;
		};
/* End PBXSourcesBuildPhase section */

/* Begin PBXVariantGroup section */
		83ECAF6226AA115B0069CF25 /* Localizable.strings */ = {
			isa = PBXVariantGroup;
			children = (
				83ECAF6326AA115B0069CF25 /* en */,
				83ECAF6426AA115B0069CF25 /* id */,
			);
			name = Localizable.strings;
			sourceTree = "<group>";
		};
/* End PBXVariantGroup section */

/* Begin XCBuildConfiguration section */
		830B1E0126A8149F00D38AE9 /* Debug */ = {
			isa = XCBuildConfiguration;
			buildSettings = {
				ALWAYS_SEARCH_USER_PATHS = NO;
				CLANG_ANALYZER_LOCALIZABILITY_NONLOCALIZED = YES;
				CLANG_ANALYZER_NONNULL = YES;
				CLANG_ANALYZER_NUMBER_OBJECT_CONVERSION = YES_AGGRESSIVE;
				CLANG_CXX_LANGUAGE_STANDARD = "gnu++14";
				CLANG_CXX_LIBRARY = "libc++";
				CLANG_ENABLE_MODULES = YES;
				CLANG_ENABLE_OBJC_ARC = YES;
				CLANG_ENABLE_OBJC_WEAK = YES;
				CLANG_WARN_BLOCK_CAPTURE_AUTORELEASING = YES;
				CLANG_WARN_BOOL_CONVERSION = YES;
				CLANG_WARN_COMMA = YES;
				CLANG_WARN_CONSTANT_CONVERSION = YES;
				CLANG_WARN_DEPRECATED_OBJC_IMPLEMENTATIONS = YES;
				CLANG_WARN_DIRECT_OBJC_ISA_USAGE = YES_ERROR;
				CLANG_WARN_DOCUMENTATION_COMMENTS = YES;
				CLANG_WARN_EMPTY_BODY = YES;
				CLANG_WARN_ENUM_CONVERSION = YES;
				CLANG_WARN_INFINITE_RECURSION = YES;
				CLANG_WARN_INT_CONVERSION = YES;
				CLANG_WARN_NON_LITERAL_NULL_CONVERSION = YES;
				CLANG_WARN_OBJC_IMPLICIT_RETAIN_SELF = YES;
				CLANG_WARN_OBJC_LITERAL_CONVERSION = YES;
				CLANG_WARN_OBJC_ROOT_CLASS = YES_ERROR;
				CLANG_WARN_QUOTED_INCLUDE_IN_FRAMEWORK_HEADER = YES;
				CLANG_WARN_RANGE_LOOP_ANALYSIS = YES;
				CLANG_WARN_STRICT_PROTOTYPES = YES;
				CLANG_WARN_SUSPICIOUS_MOVE = YES;
				CLANG_WARN_UNGUARDED_AVAILABILITY = YES_AGGRESSIVE;
				CLANG_WARN_UNREACHABLE_CODE = YES;
				CLANG_WARN__DUPLICATE_METHOD_MATCH = YES;
				COPY_PHASE_STRIP = NO;
				DEBUG_INFORMATION_FORMAT = "dwarf-with-dsym";
				ENABLE_STRICT_OBJC_MSGSEND = YES;
				ENABLE_TESTABILITY = YES;
				GCC_C_LANGUAGE_STANDARD = gnu11;
				GCC_DYNAMIC_NO_PIC = NO;
				GCC_NO_COMMON_BLOCKS = YES;
				GCC_OPTIMIZATION_LEVEL = 0;
				GCC_PREPROCESSOR_DEFINITIONS = (
					"DEBUG=1",
					"$(inherited)",
				);
				GCC_WARN_64_TO_32_BIT_CONVERSION = YES;
				GCC_WARN_ABOUT_RETURN_TYPE = YES_ERROR;
				GCC_WARN_UNDECLARED_SELECTOR = YES;
				GCC_WARN_UNINITIALIZED_AUTOS = YES_AGGRESSIVE;
				GCC_WARN_UNUSED_FUNCTION = YES;
				GCC_WARN_UNUSED_VARIABLE = YES;
				IPHONEOS_DEPLOYMENT_TARGET = 14.0;
				MTL_ENABLE_DEBUG_INFO = INCLUDE_SOURCE;
				MTL_FAST_MATH = YES;
				ONLY_ACTIVE_ARCH = YES;
				SDKROOT = iphoneos;
				SWIFT_ACTIVE_COMPILATION_CONDITIONS = DEBUG;
				SWIFT_OPTIMIZATION_LEVEL = "-Onone";
			};
			name = Debug;
		};
		830B1E0226A8149F00D38AE9 /* Release */ = {
			isa = XCBuildConfiguration;
			buildSettings = {
				ALWAYS_SEARCH_USER_PATHS = NO;
				CLANG_ANALYZER_LOCALIZABILITY_NONLOCALIZED = YES;
				CLANG_ANALYZER_NONNULL = YES;
				CLANG_ANALYZER_NUMBER_OBJECT_CONVERSION = YES_AGGRESSIVE;
				CLANG_CXX_LANGUAGE_STANDARD = "gnu++14";
				CLANG_CXX_LIBRARY = "libc++";
				CLANG_ENABLE_MODULES = YES;
				CLANG_ENABLE_OBJC_ARC = YES;
				CLANG_ENABLE_OBJC_WEAK = YES;
				CLANG_WARN_BLOCK_CAPTURE_AUTORELEASING = YES;
				CLANG_WARN_BOOL_CONVERSION = YES;
				CLANG_WARN_COMMA = YES;
				CLANG_WARN_CONSTANT_CONVERSION = YES;
				CLANG_WARN_DEPRECATED_OBJC_IMPLEMENTATIONS = YES;
				CLANG_WARN_DIRECT_OBJC_ISA_USAGE = YES_ERROR;
				CLANG_WARN_DOCUMENTATION_COMMENTS = YES;
				CLANG_WARN_EMPTY_BODY = YES;
				CLANG_WARN_ENUM_CONVERSION = YES;
				CLANG_WARN_INFINITE_RECURSION = YES;
				CLANG_WARN_INT_CONVERSION = YES;
				CLANG_WARN_NON_LITERAL_NULL_CONVERSION = YES;
				CLANG_WARN_OBJC_IMPLICIT_RETAIN_SELF = YES;
				CLANG_WARN_OBJC_LITERAL_CONVERSION = YES;
				CLANG_WARN_OBJC_ROOT_CLASS = YES_ERROR;
				CLANG_WARN_QUOTED_INCLUDE_IN_FRAMEWORK_HEADER = YES;
				CLANG_WARN_RANGE_LOOP_ANALYSIS = YES;
				CLANG_WARN_STRICT_PROTOTYPES = YES;
				CLANG_WARN_SUSPICIOUS_MOVE = YES;
				CLANG_WARN_UNGUARDED_AVAILABILITY = YES_AGGRESSIVE;
				CLANG_WARN_UNREACHABLE_CODE = YES;
				CLANG_WARN__DUPLICATE_METHOD_MATCH = YES;
				COPY_PHASE_STRIP = NO;
				DEBUG_INFORMATION_FORMAT = "dwarf-with-dsym";
				ENABLE_NS_ASSERTIONS = NO;
				ENABLE_STRICT_OBJC_MSGSEND = YES;
				GCC_C_LANGUAGE_STANDARD = gnu11;
				GCC_NO_COMMON_BLOCKS = YES;
				GCC_WARN_64_TO_32_BIT_CONVERSION = YES;
				GCC_WARN_ABOUT_RETURN_TYPE = YES_ERROR;
				GCC_WARN_UNDECLARED_SELECTOR = YES;
				GCC_WARN_UNINITIALIZED_AUTOS = YES_AGGRESSIVE;
				GCC_WARN_UNUSED_FUNCTION = YES;
				GCC_WARN_UNUSED_VARIABLE = YES;
				IPHONEOS_DEPLOYMENT_TARGET = 14.0;
				MTL_ENABLE_DEBUG_INFO = NO;
				MTL_FAST_MATH = YES;
				SDKROOT = iphoneos;
				SWIFT_COMPILATION_MODE = wholemodule;
				SWIFT_OPTIMIZATION_LEVEL = "-O";
				VALIDATE_PRODUCT = YES;
			};
			name = Release;
		};
		830B1E0426A8149F00D38AE9 /* Debug */ = {
			isa = XCBuildConfiguration;
			baseConfigurationReference = 89BFB039E39A5ABB2477EAEE /* Pods-monitool.debug.xcconfig */;
			buildSettings = {
				ASSETCATALOG_COMPILER_APPICON_NAME = AppIcon;
				ASSETCATALOG_COMPILER_GLOBAL_ACCENT_COLOR_NAME = AccentColor;
				CODE_SIGN_ENTITLEMENTS = monitool/Configs/monitool.entitlements;
				CODE_SIGN_IDENTITY = "Apple Development";
				CODE_SIGN_STYLE = Automatic;
				CURRENT_PROJECT_VERSION = 24;
				DEBUG_INFORMATION_FORMAT = "dwarf-with-dsym";
				DEVELOPMENT_ASSET_PATHS = "\"monitool/Resources/dev\"";
				DEVELOPMENT_TEAM = 8KKWD6QU49;
				ENABLE_PREVIEWS = YES;
				INFOPLIST_FILE = monitool/Configs/Info.plist;
				IPHONEOS_DEPLOYMENT_TARGET = 14.0;
				LD_RUNPATH_SEARCH_PATHS = (
					"$(inherited)",
					"@executable_path/Frameworks",
				);
				MARKETING_VERSION = 0.1.0;
				PRODUCT_BUNDLE_IDENTIFIER = com.budisaputra.monitool;
				PRODUCT_NAME = "$(TARGET_NAME)";
				PROVISIONING_PROFILE_SPECIFIER = "";
				SWIFT_VERSION = 5.0;
				TARGETED_DEVICE_FAMILY = "1,2";
			};
			name = Debug;
		};
		830B1E0526A8149F00D38AE9 /* Release */ = {
			isa = XCBuildConfiguration;
			baseConfigurationReference = ADB96F69B4F62B81EF090F6E /* Pods-monitool.release.xcconfig */;
			buildSettings = {
				ASSETCATALOG_COMPILER_APPICON_NAME = AppIcon;
				ASSETCATALOG_COMPILER_GLOBAL_ACCENT_COLOR_NAME = AccentColor;
				CODE_SIGN_ENTITLEMENTS = monitool/Configs/monitool.entitlements;
				CODE_SIGN_IDENTITY = "Apple Development";
				CODE_SIGN_STYLE = Automatic;
				CURRENT_PROJECT_VERSION = 24;
				DEVELOPMENT_ASSET_PATHS = "\"monitool/Resources/dev\"";
				DEVELOPMENT_TEAM = 8KKWD6QU49;
				ENABLE_PREVIEWS = YES;
				GCC_OPTIMIZATION_LEVEL = 0;
				INFOPLIST_FILE = monitool/Configs/Info.plist;
				IPHONEOS_DEPLOYMENT_TARGET = 14.0;
				LD_RUNPATH_SEARCH_PATHS = (
					"$(inherited)",
					"@executable_path/Frameworks",
				);
				MARKETING_VERSION = 0.1.0;
				PRODUCT_BUNDLE_IDENTIFIER = com.budisaputra.monitool;
				PRODUCT_NAME = "$(TARGET_NAME)";
				PROVISIONING_PROFILE_SPECIFIER = "";
				SWIFT_VERSION = 5.0;
				TARGETED_DEVICE_FAMILY = "1,2";
			};
			name = Release;
		};
/* End XCBuildConfiguration section */

/* Begin XCConfigurationList section */
		830B1DEA26A8149E00D38AE9 /* Build configuration list for PBXProject "monitool" */ = {
			isa = XCConfigurationList;
			buildConfigurations = (
				830B1E0126A8149F00D38AE9 /* Debug */,
				830B1E0226A8149F00D38AE9 /* Release */,
			);
			defaultConfigurationIsVisible = 0;
			defaultConfigurationName = Release;
		};
		830B1E0326A8149F00D38AE9 /* Build configuration list for PBXNativeTarget "monitool" */ = {
			isa = XCConfigurationList;
			buildConfigurations = (
				830B1E0426A8149F00D38AE9 /* Debug */,
				830B1E0526A8149F00D38AE9 /* Release */,
			);
			defaultConfigurationIsVisible = 0;
			defaultConfigurationName = Release;
		};
/* End XCConfigurationList section */

/* Begin XCRemoteSwiftPackageReference section */
		B82B2CBE26DCCA9000CD8CD7 /* XCRemoteSwiftPackageReference "SwiftUIX" */ = {
			isa = XCRemoteSwiftPackageReference;
			repositoryURL = "https://github.com/SwiftUIX/SwiftUIX";
			requirement = {
				branch = master;
				kind = branch;
			};
		};
/* End XCRemoteSwiftPackageReference section */

/* Begin XCSwiftPackageProductDependency section */
		B82B2CBF26DCCA9000CD8CD7 /* SwiftUIX */ = {
			isa = XCSwiftPackageProductDependency;
			package = B82B2CBE26DCCA9000CD8CD7 /* XCRemoteSwiftPackageReference "SwiftUIX" */;
			productName = SwiftUIX;
		};
/* End XCSwiftPackageProductDependency section */
	};
	rootObject = 830B1DE726A8149E00D38AE9 /* Project object */;
}
