// !$*UTF8*$!
{
	archiveVersion = 1;
	classes = {
	};
	objectVersion = 51;
	objects = {

/* Begin PBXBuildFile section */
		451881067891BAAC4BD8922A /* Pods_monitool.framework in Frameworks */ = {isa = PBXBuildFile; fileRef = F335342D53E4540C34C3D459 /* Pods_monitool.framework */; };
		6F0CC8E426AFCF4700D15B96 /* Task.swift in Sources */ = {isa = PBXBuildFile; fileRef = 6F0CC8E326AFCF4700D15B96 /* Task.swift */; };
		6F0CC8E626AFD86700D15B96 /* TaskRepository.swift in Sources */ = {isa = PBXBuildFile; fileRef = 6F0CC8E526AFD86700D15B96 /* TaskRepository.swift */; };
		6F0CC8E826B137CB00D15B96 /* TaskListViewModel.swift in Sources */ = {isa = PBXBuildFile; fileRef = 6F0CC8E726B137CB00D15B96 /* TaskListViewModel.swift */; };
		6F137C8A26B2B57F00F79608 /* EmployeeListViewModel.swift in Sources */ = {isa = PBXBuildFile; fileRef = 6F137C8926B2B57F00F79608 /* EmployeeListViewModel.swift */; };
		6F137C8C26B2B81B00F79608 /* EmployeeListView.swift in Sources */ = {isa = PBXBuildFile; fileRef = 6F137C8B26B2B81B00F79608 /* EmployeeListView.swift */; };
		6F6C13A926B3EB40000BBD26 /* PhotoComponent.swift in Sources */ = {isa = PBXBuildFile; fileRef = 6F6C13A826B3EB40000BBD26 /* PhotoComponent.swift */; };
		6F6C13AB26B3F377000BBD26 /* ImagePicker.swift in Sources */ = {isa = PBXBuildFile; fileRef = 6F6C13AA26B3F377000BBD26 /* ImagePicker.swift */; };
		830B1DF326A8149E00D38AE9 /* MonitoolApp.swift in Sources */ = {isa = PBXBuildFile; fileRef = 830B1DF226A8149E00D38AE9 /* MonitoolApp.swift */; };
		830B1DF526A8149E00D38AE9 /* OnboardingView.swift in Sources */ = {isa = PBXBuildFile; fileRef = 830B1DF426A8149E00D38AE9 /* OnboardingView.swift */; };
		830B1DF726A8149F00D38AE9 /* Assets.xcassets in Resources */ = {isa = PBXBuildFile; fileRef = 830B1DF626A8149F00D38AE9 /* Assets.xcassets */; };
		830B1DFA26A8149F00D38AE9 /* Preview Assets.xcassets in Resources */ = {isa = PBXBuildFile; fileRef = 830B1DF926A8149F00D38AE9 /* Preview Assets.xcassets */; };
		830B1E1826A81A3900D38AE9 /* AuthService.swift in Sources */ = {isa = PBXBuildFile; fileRef = 830B1E1726A81A3900D38AE9 /* AuthService.swift */; };
		833CCA9D26B67DCC00BA67CA /* Color.swift in Sources */ = {isa = PBXBuildFile; fileRef = 833CCA9C26B67DCC00BA67CA /* Color.swift */; };
		833CCA9F26B6824300BA67CA /* HistoryView.swift in Sources */ = {isa = PBXBuildFile; fileRef = 833CCA9E26B6824300BA67CA /* HistoryView.swift */; };
		833CCAA126B683C400BA67CA /* RoleService.swift in Sources */ = {isa = PBXBuildFile; fileRef = 833CCAA026B683C400BA67CA /* RoleService.swift */; };
		833CCAA326B688CD00BA67CA /* SidebarViewModel.swift in Sources */ = {isa = PBXBuildFile; fileRef = 833CCAA226B688CD00BA67CA /* SidebarViewModel.swift */; };
		834C9E1126B6D88F0013335F /* Icon.swift in Sources */ = {isa = PBXBuildFile; fileRef = 834C9E1026B6D88F0013335F /* Icon.swift */; };
		835E357E26B15FC300DE542C /* EmployeeRepository.swift in Sources */ = {isa = PBXBuildFile; fileRef = 835E357D26B15FC300DE542C /* EmployeeRepository.swift */; };
		835F39D926B5DAE000EC3405 /* PadLayoutViewModel.swift in Sources */ = {isa = PBXBuildFile; fileRef = 835F39D826B5DAE000EC3405 /* PadLayoutViewModel.swift */; };
		835F39DD26B5DCAF00EC3405 /* ProfileView.swift in Sources */ = {isa = PBXBuildFile; fileRef = 835F39DC26B5DCAF00EC3405 /* ProfileView.swift */; };
		83A023E626B3F0DC002D24CC /* TaskListView.swift in Sources */ = {isa = PBXBuildFile; fileRef = 83A023E526B3F0DC002D24CC /* TaskListView.swift */; };
		83A023E826B3FF17002D24CC /* PadLayout.swift in Sources */ = {isa = PBXBuildFile; fileRef = 83A023E726B3FF17002D24CC /* PadLayout.swift */; };
		83A023EA26B3FF22002D24CC /* PhoneLayout.swift in Sources */ = {isa = PBXBuildFile; fileRef = 83A023E926B3FF22002D24CC /* PhoneLayout.swift */; };
		83A023EC26B402A0002D24CC /* MainView.swift in Sources */ = {isa = PBXBuildFile; fileRef = 83A023EB26B402A0002D24CC /* MainView.swift */; };
		83A023EE26B40480002D24CC /* HistoryTabItem.swift in Sources */ = {isa = PBXBuildFile; fileRef = 83A023ED26B40480002D24CC /* HistoryTabItem.swift */; };
		83A023F026B404EE002D24CC /* ProfileTabItem.swift in Sources */ = {isa = PBXBuildFile; fileRef = 83A023EF26B404EE002D24CC /* ProfileTabItem.swift */; };
		83A023F726B40910002D24CC /* SidebarView.swift in Sources */ = {isa = PBXBuildFile; fileRef = 83A023F626B40910002D24CC /* SidebarView.swift */; };
		83A023F926B40B42002D24CC /* TabItemRow.swift in Sources */ = {isa = PBXBuildFile; fileRef = 83A023F826B40B42002D24CC /* TabItemRow.swift */; };
		83E8404026B2ADF300905143 /* EmployeeList.swift in Sources */ = {isa = PBXBuildFile; fileRef = 83E8403F26B2ADF300905143 /* EmployeeList.swift */; };
		83E9492426AFC384003903FE /* Employee.swift in Sources */ = {isa = PBXBuildFile; fileRef = 83E9492326AFC384003903FE /* Employee.swift */; };
		83E9492826AFCA9D003903FE /* EmployeeHelper.swift in Sources */ = {isa = PBXBuildFile; fileRef = 83E9492726AFCA9D003903FE /* EmployeeHelper.swift */; };
		83ECAF6526AA115B0069CF25 /* Strings.swift in Sources */ = {isa = PBXBuildFile; fileRef = 83ECAF6126AA115B0069CF25 /* Strings.swift */; };
		83ECAF6626AA115B0069CF25 /* Localizable.strings in Resources */ = {isa = PBXBuildFile; fileRef = 83ECAF6226AA115B0069CF25 /* Localizable.strings */; };
		83EF2A8726B292C500378602 /* SignIn.swift in Sources */ = {isa = PBXBuildFile; fileRef = 83EF2A8626B292C500378602 /* SignIn.swift */; };
		83EF2A8926B298F900378602 /* RepositoriesPath.swift in Sources */ = {isa = PBXBuildFile; fileRef = 83EF2A8826B298F900378602 /* RepositoriesPath.swift */; };
		83EF2A9326B29F1C00378602 /* TaskListTabItem.swift in Sources */ = {isa = PBXBuildFile; fileRef = 83EF2A9226B29F1C00378602 /* TaskListTabItem.swift */; };
		8E28E38E26B4352400093850 /* LoginView.swift in Sources */ = {isa = PBXBuildFile; fileRef = 8E28E38D26B4352400093850 /* LoginView.swift */; };
		8E2A614E26B91C9300D82BBE /* DetailView.swift in Sources */ = {isa = PBXBuildFile; fileRef = 8E2A614D26B91C9300D82BBE /* DetailView.swift */; };
		8E35AC5926BA8B00007613E9 /* NoSeparatorList.swift in Sources */ = {isa = PBXBuildFile; fileRef = 8E35AC5826BA8B00007613E9 /* NoSeparatorList.swift */; };
		8E47F5FF26B9754B00B96004 /* TaskDetailView.swift in Sources */ = {isa = PBXBuildFile; fileRef = 8E47F5FE26B9754B00B96004 /* TaskDetailView.swift */; };
		8E7A53BD26B13EC4007FA3A8 /* CompanyRepository.swift in Sources */ = {isa = PBXBuildFile; fileRef = 8E7A53BC26B13EC4007FA3A8 /* CompanyRepository.swift */; };
		8E7A53BF26B13F01007FA3A8 /* Company.swift in Sources */ = {isa = PBXBuildFile; fileRef = 8E7A53BE26B13F01007FA3A8 /* Company.swift */; };
		B823A78926B7DEBA0035D9F4 /* AddEmployeeSheetView.swift in Sources */ = {isa = PBXBuildFile; fileRef = B823A78826B7DEBA0035D9F4 /* AddEmployeeSheetView.swift */; };
		B850700926B1461800530CBA /* GoogleService-Info.plist in Resources */ = {isa = PBXBuildFile; fileRef = B850700826B1461800530CBA /* GoogleService-Info.plist */; };
		B850700B26B14B3000530CBA /* CompanyOnboarding.swift in Sources */ = {isa = PBXBuildFile; fileRef = B850700A26B14B3000530CBA /* CompanyOnboarding.swift */; };
		B8EFD9B426B8562E001E6086 /* CompanyViewModel.swift in Sources */ = {isa = PBXBuildFile; fileRef = B8EFD9B326B8562E001E6086 /* CompanyViewModel.swift */; };
/* End PBXBuildFile section */

/* Begin PBXFileReference section */
		6F0CC8E326AFCF4700D15B96 /* Task.swift */ = {isa = PBXFileReference; lastKnownFileType = sourcecode.swift; path = Task.swift; sourceTree = "<group>"; };
		6F0CC8E526AFD86700D15B96 /* TaskRepository.swift */ = {isa = PBXFileReference; lastKnownFileType = sourcecode.swift; path = TaskRepository.swift; sourceTree = "<group>"; };
		6F0CC8E726B137CB00D15B96 /* TaskListViewModel.swift */ = {isa = PBXFileReference; lastKnownFileType = sourcecode.swift; path = TaskListViewModel.swift; sourceTree = "<group>"; };
		6F137C8926B2B57F00F79608 /* EmployeeListViewModel.swift */ = {isa = PBXFileReference; lastKnownFileType = sourcecode.swift; path = EmployeeListViewModel.swift; sourceTree = "<group>"; };
		6F137C8B26B2B81B00F79608 /* EmployeeListView.swift */ = {isa = PBXFileReference; lastKnownFileType = sourcecode.swift; path = EmployeeListView.swift; sourceTree = "<group>"; };
		6F6C13A826B3EB40000BBD26 /* PhotoComponent.swift */ = {isa = PBXFileReference; lastKnownFileType = sourcecode.swift; path = PhotoComponent.swift; sourceTree = "<group>"; };
		6F6C13AA26B3F377000BBD26 /* ImagePicker.swift */ = {isa = PBXFileReference; lastKnownFileType = sourcecode.swift; path = ImagePicker.swift; sourceTree = "<group>"; };
		830B1DEF26A8149E00D38AE9 /* monitool.app */ = {isa = PBXFileReference; explicitFileType = wrapper.application; includeInIndex = 0; path = monitool.app; sourceTree = BUILT_PRODUCTS_DIR; };
		830B1DF226A8149E00D38AE9 /* MonitoolApp.swift */ = {isa = PBXFileReference; lastKnownFileType = sourcecode.swift; path = MonitoolApp.swift; sourceTree = "<group>"; };
		830B1DF426A8149E00D38AE9 /* OnboardingView.swift */ = {isa = PBXFileReference; lastKnownFileType = sourcecode.swift; path = OnboardingView.swift; sourceTree = "<group>"; };
		830B1DF626A8149F00D38AE9 /* Assets.xcassets */ = {isa = PBXFileReference; lastKnownFileType = folder.assetcatalog; path = Assets.xcassets; sourceTree = "<group>"; };
		830B1DF926A8149F00D38AE9 /* Preview Assets.xcassets */ = {isa = PBXFileReference; lastKnownFileType = folder.assetcatalog; path = "Preview Assets.xcassets"; sourceTree = "<group>"; };
		830B1E0026A8149F00D38AE9 /* Info.plist */ = {isa = PBXFileReference; lastKnownFileType = text.plist.xml; path = Info.plist; sourceTree = "<group>"; };
		830B1E1726A81A3900D38AE9 /* AuthService.swift */ = {isa = PBXFileReference; lastKnownFileType = sourcecode.swift; path = AuthService.swift; sourceTree = "<group>"; };
		833CCA9C26B67DCC00BA67CA /* Color.swift */ = {isa = PBXFileReference; lastKnownFileType = sourcecode.swift; path = Color.swift; sourceTree = "<group>"; };
		833CCA9E26B6824300BA67CA /* HistoryView.swift */ = {isa = PBXFileReference; lastKnownFileType = sourcecode.swift; path = HistoryView.swift; sourceTree = "<group>"; };
		833CCAA026B683C400BA67CA /* RoleService.swift */ = {isa = PBXFileReference; lastKnownFileType = sourcecode.swift; path = RoleService.swift; sourceTree = "<group>"; };
		833CCAA226B688CD00BA67CA /* SidebarViewModel.swift */ = {isa = PBXFileReference; lastKnownFileType = sourcecode.swift; path = SidebarViewModel.swift; sourceTree = "<group>"; };
		834C9E1026B6D88F0013335F /* Icon.swift */ = {isa = PBXFileReference; lastKnownFileType = sourcecode.swift; path = Icon.swift; sourceTree = "<group>"; };
		835E357D26B15FC300DE542C /* EmployeeRepository.swift */ = {isa = PBXFileReference; lastKnownFileType = sourcecode.swift; path = EmployeeRepository.swift; sourceTree = "<group>"; };
		835F39D826B5DAE000EC3405 /* PadLayoutViewModel.swift */ = {isa = PBXFileReference; lastKnownFileType = sourcecode.swift; path = PadLayoutViewModel.swift; sourceTree = "<group>"; };
		835F39DC26B5DCAF00EC3405 /* ProfileView.swift */ = {isa = PBXFileReference; lastKnownFileType = sourcecode.swift; path = ProfileView.swift; sourceTree = "<group>"; };
		83A023E526B3F0DC002D24CC /* TaskListView.swift */ = {isa = PBXFileReference; lastKnownFileType = sourcecode.swift; path = TaskListView.swift; sourceTree = "<group>"; };
		83A023E726B3FF17002D24CC /* PadLayout.swift */ = {isa = PBXFileReference; lastKnownFileType = sourcecode.swift; path = PadLayout.swift; sourceTree = "<group>"; };
		83A023E926B3FF22002D24CC /* PhoneLayout.swift */ = {isa = PBXFileReference; lastKnownFileType = sourcecode.swift; path = PhoneLayout.swift; sourceTree = "<group>"; };
		83A023EB26B402A0002D24CC /* MainView.swift */ = {isa = PBXFileReference; lastKnownFileType = sourcecode.swift; path = MainView.swift; sourceTree = "<group>"; };
		83A023ED26B40480002D24CC /* HistoryTabItem.swift */ = {isa = PBXFileReference; lastKnownFileType = sourcecode.swift; path = HistoryTabItem.swift; sourceTree = "<group>"; };
		83A023EF26B404EE002D24CC /* ProfileTabItem.swift */ = {isa = PBXFileReference; lastKnownFileType = sourcecode.swift; path = ProfileTabItem.swift; sourceTree = "<group>"; };
		83A023F626B40910002D24CC /* SidebarView.swift */ = {isa = PBXFileReference; lastKnownFileType = sourcecode.swift; path = SidebarView.swift; sourceTree = "<group>"; };
		83A023F826B40B42002D24CC /* TabItemRow.swift */ = {isa = PBXFileReference; lastKnownFileType = sourcecode.swift; path = TabItemRow.swift; sourceTree = "<group>"; };
		83E8403F26B2ADF300905143 /* EmployeeList.swift */ = {isa = PBXFileReference; lastKnownFileType = sourcecode.swift; path = EmployeeList.swift; sourceTree = "<group>"; };
		83E9492326AFC384003903FE /* Employee.swift */ = {isa = PBXFileReference; lastKnownFileType = sourcecode.swift; path = Employee.swift; sourceTree = "<group>"; };
		83E9492726AFCA9D003903FE /* EmployeeHelper.swift */ = {isa = PBXFileReference; lastKnownFileType = sourcecode.swift; path = EmployeeHelper.swift; sourceTree = "<group>"; };
		83ECAF6126AA115B0069CF25 /* Strings.swift */ = {isa = PBXFileReference; fileEncoding = 4; lastKnownFileType = sourcecode.swift; path = Strings.swift; sourceTree = "<group>"; };
		83ECAF6326AA115B0069CF25 /* en */ = {isa = PBXFileReference; lastKnownFileType = text.plist.strings; name = en; path = en.lproj/Localizable.strings; sourceTree = "<group>"; };
		83ECAF6426AA115B0069CF25 /* id */ = {isa = PBXFileReference; lastKnownFileType = text.plist.strings; name = id; path = id.lproj/Localizable.strings; sourceTree = "<group>"; };
		83EF2A8626B292C500378602 /* SignIn.swift */ = {isa = PBXFileReference; lastKnownFileType = sourcecode.swift; path = SignIn.swift; sourceTree = "<group>"; };
		83EF2A8826B298F900378602 /* RepositoriesPath.swift */ = {isa = PBXFileReference; lastKnownFileType = sourcecode.swift; path = RepositoriesPath.swift; sourceTree = "<group>"; };
		83EF2A9226B29F1C00378602 /* TaskListTabItem.swift */ = {isa = PBXFileReference; lastKnownFileType = sourcecode.swift; path = TaskListTabItem.swift; sourceTree = "<group>"; };
		89BFB039E39A5ABB2477EAEE /* Pods-monitool.debug.xcconfig */ = {isa = PBXFileReference; includeInIndex = 1; lastKnownFileType = text.xcconfig; name = "Pods-monitool.debug.xcconfig"; path = "Target Support Files/Pods-monitool/Pods-monitool.debug.xcconfig"; sourceTree = "<group>"; };
		8E28E38D26B4352400093850 /* LoginView.swift */ = {isa = PBXFileReference; lastKnownFileType = sourcecode.swift; path = LoginView.swift; sourceTree = "<group>"; };
		8E2A614D26B91C9300D82BBE /* DetailView.swift */ = {isa = PBXFileReference; lastKnownFileType = sourcecode.swift; path = DetailView.swift; sourceTree = "<group>"; };
		8E35AC5826BA8B00007613E9 /* NoSeparatorList.swift */ = {isa = PBXFileReference; lastKnownFileType = sourcecode.swift; path = NoSeparatorList.swift; sourceTree = "<group>"; };
		8E47F5FE26B9754B00B96004 /* TaskDetailView.swift */ = {isa = PBXFileReference; lastKnownFileType = sourcecode.swift; path = TaskDetailView.swift; sourceTree = "<group>"; };
		8E7A53BC26B13EC4007FA3A8 /* CompanyRepository.swift */ = {isa = PBXFileReference; lastKnownFileType = sourcecode.swift; path = CompanyRepository.swift; sourceTree = "<group>"; };
		8E7A53BE26B13F01007FA3A8 /* Company.swift */ = {isa = PBXFileReference; lastKnownFileType = sourcecode.swift; path = Company.swift; sourceTree = "<group>"; };
		ADB96F69B4F62B81EF090F6E /* Pods-monitool.release.xcconfig */ = {isa = PBXFileReference; includeInIndex = 1; lastKnownFileType = text.xcconfig; name = "Pods-monitool.release.xcconfig"; path = "Target Support Files/Pods-monitool/Pods-monitool.release.xcconfig"; sourceTree = "<group>"; };
		B823A78826B7DEBA0035D9F4 /* AddEmployeeSheetView.swift */ = {isa = PBXFileReference; lastKnownFileType = sourcecode.swift; path = AddEmployeeSheetView.swift; sourceTree = "<group>"; };
		B850700726B1435900530CBA /* monitool.entitlements */ = {isa = PBXFileReference; lastKnownFileType = text.plist.entitlements; path = monitool.entitlements; sourceTree = "<group>"; };
		B850700826B1461800530CBA /* GoogleService-Info.plist */ = {isa = PBXFileReference; fileEncoding = 4; lastKnownFileType = text.plist.xml; path = "GoogleService-Info.plist"; sourceTree = "<group>"; };
		B850700A26B14B3000530CBA /* CompanyOnboarding.swift */ = {isa = PBXFileReference; lastKnownFileType = sourcecode.swift; path = CompanyOnboarding.swift; sourceTree = "<group>"; };
		B8EFD9B326B8562E001E6086 /* CompanyViewModel.swift */ = {isa = PBXFileReference; lastKnownFileType = sourcecode.swift; path = CompanyViewModel.swift; sourceTree = "<group>"; };
		F335342D53E4540C34C3D459 /* Pods_monitool.framework */ = {isa = PBXFileReference; explicitFileType = wrapper.framework; includeInIndex = 0; path = Pods_monitool.framework; sourceTree = BUILT_PRODUCTS_DIR; };
/* End PBXFileReference section */

/* Begin PBXFrameworksBuildPhase section */
		830B1DEC26A8149E00D38AE9 /* Frameworks */ = {
			isa = PBXFrameworksBuildPhase;
			buildActionMask = 2147483647;
			files = (
				451881067891BAAC4BD8922A /* Pods_monitool.framework in Frameworks */,
			);
			runOnlyForDeploymentPostprocessing = 0;
		};
/* End PBXFrameworksBuildPhase section */

/* Begin PBXGroup section */
		830B1DE626A8149E00D38AE9 = {
			isa = PBXGroup;
			children = (
				830B1DF126A8149E00D38AE9 /* monitool */,
				830B1DF026A8149E00D38AE9 /* Products */,
				BE97FB7DC49FBB4DCF8E6A7C /* Pods */,
				C895C137BDFEFC537776B1C3 /* Frameworks */,
			);
			sourceTree = "<group>";
		};
		830B1DF026A8149E00D38AE9 /* Products */ = {
			isa = PBXGroup;
			children = (
				830B1DEF26A8149E00D38AE9 /* monitool.app */,
			);
			name = Products;
			sourceTree = "<group>";
		};
		830B1DF126A8149E00D38AE9 /* monitool */ = {
			isa = PBXGroup;
			children = (
				830B1DF226A8149E00D38AE9 /* MonitoolApp.swift */,
				835E358526B16CA800DE542C /* Configs */,
				833CCA9B26B67DB800BA67CA /* Extensions */,
				835E358426B16AD900DE542C /* Resources */,
				835E358226B16A8300DE542C /* Helpers */,
				835E358026B169D000DE542C /* Models */,
				835E358326B16A9000DE542C /* Views */,
				835E357F26B169CA00DE542C /* ViewModels */,
				835E358126B169D700DE542C /* Repositories */,
				83ECAF6026AA115B0069CF25 /* Locales */,
				830B1E1626A81A2000D38AE9 /* Services */,
			);
			path = monitool;
			sourceTree = "<group>";
		};
		830B1E1626A81A2000D38AE9 /* Services */ = {
			isa = PBXGroup;
			children = (
				830B1E1726A81A3900D38AE9 /* AuthService.swift */,
				833CCAA026B683C400BA67CA /* RoleService.swift */,
			);
			path = Services;
			sourceTree = "<group>";
		};
		833CCA9B26B67DB800BA67CA /* Extensions */ = {
			isa = PBXGroup;
			children = (
				833CCA9C26B67DCC00BA67CA /* Color.swift */,
				834C9E1026B6D88F0013335F /* Icon.swift */,
			);
			path = Extensions;
			sourceTree = "<group>";
		};
		835E357F26B169CA00DE542C /* ViewModels */ = {
			isa = PBXGroup;
			children = (
				835F39D826B5DAE000EC3405 /* PadLayoutViewModel.swift */,
				6F0CC8E726B137CB00D15B96 /* TaskListViewModel.swift */,
				6F137C8926B2B57F00F79608 /* EmployeeListViewModel.swift */,
				B8EFD9B326B8562E001E6086 /* CompanyViewModel.swift */,
				833CCAA226B688CD00BA67CA /* SidebarViewModel.swift */,
			);
			path = ViewModels;
			sourceTree = "<group>";
		};
		835E358026B169D000DE542C /* Models */ = {
			isa = PBXGroup;
			children = (
				6F0CC8E326AFCF4700D15B96 /* Task.swift */,
				83E9492326AFC384003903FE /* Employee.swift */,
				8E7A53BE26B13F01007FA3A8 /* Company.swift */,
			);
			path = Models;
			sourceTree = "<group>";
		};
		835E358126B169D700DE542C /* Repositories */ = {
			isa = PBXGroup;
			children = (
				835E357D26B15FC300DE542C /* EmployeeRepository.swift */,
				8E7A53BC26B13EC4007FA3A8 /* CompanyRepository.swift */,
				6F0CC8E526AFD86700D15B96 /* TaskRepository.swift */,
				83EF2A8826B298F900378602 /* RepositoriesPath.swift */,
			);
			path = Repositories;
			sourceTree = "<group>";
		};
		835E358226B16A8300DE542C /* Helpers */ = {
			isa = PBXGroup;
			children = (
				83E9492726AFCA9D003903FE /* EmployeeHelper.swift */,
			);
			path = Helpers;
			sourceTree = "<group>";
		};
		835E358326B16A9000DE542C /* Views */ = {
			isa = PBXGroup;
			children = (
				83A023F126B406FA002D24CC /* Main */,
				83EF2A8326B2927C00378602 /* Components */,
				830B1DF426A8149E00D38AE9 /* OnboardingView.swift */,
				8E47F5FE26B9754B00B96004 /* TaskDetailView.swift */,
				B850700A26B14B3000530CBA /* CompanyOnboarding.swift */,
				6F137C8B26B2B81B00F79608 /* EmployeeListView.swift */,
				B823A78826B7DEBA0035D9F4 /* AddEmployeeSheetView.swift */,
				8E28E38D26B4352400093850 /* LoginView.swift */,
				835F39DC26B5DCAF00EC3405 /* ProfileView.swift */,
			);
			path = Views;
			sourceTree = "<group>";
		};
		835E358426B16AD900DE542C /* Resources */ = {
			isa = PBXGroup;
			children = (
				830B1DF926A8149F00D38AE9 /* Preview Assets.xcassets */,
				830B1DF626A8149F00D38AE9 /* Assets.xcassets */,
			);
			path = Resources;
			sourceTree = "<group>";
		};
		835E358526B16CA800DE542C /* Configs */ = {
			isa = PBXGroup;
			children = (
				B850700826B1461800530CBA /* GoogleService-Info.plist */,
				830B1E0026A8149F00D38AE9 /* Info.plist */,
				B850700726B1435900530CBA /* monitool.entitlements */,
			);
			path = Configs;
			sourceTree = "<group>";
		};
		83A023F126B406FA002D24CC /* Main */ = {
			isa = PBXGroup;
			children = (
				83A023EB26B402A0002D24CC /* MainView.swift */,
				83A023E726B3FF17002D24CC /* PadLayout.swift */,
				83A023E926B3FF22002D24CC /* PhoneLayout.swift */,
				83A023F426B408B5002D24CC /* iPad Components */,
				83A023F326B40828002D24CC /* iPhone Components */,
			);
			path = Main;
			sourceTree = "<group>";
		};
		83A023F326B40828002D24CC /* iPhone Components */ = {
			isa = PBXGroup;
			children = (
				83A023F526B408EC002D24CC /* Tab Items */,
			);
			path = "iPhone Components";
			sourceTree = "<group>";
		};
		83A023F426B408B5002D24CC /* iPad Components */ = {
			isa = PBXGroup;
			children = (
				83A023F626B40910002D24CC /* SidebarView.swift */,
				83A023E526B3F0DC002D24CC /* TaskListView.swift */,
				833CCA9E26B6824300BA67CA /* HistoryView.swift */,
			);
			path = "iPad Components";
			sourceTree = "<group>";
		};
		83A023F526B408EC002D24CC /* Tab Items */ = {
			isa = PBXGroup;
			children = (
				83EF2A9226B29F1C00378602 /* TaskListTabItem.swift */,
				83A023ED26B40480002D24CC /* HistoryTabItem.swift */,
				83A023EF26B404EE002D24CC /* ProfileTabItem.swift */,
			);
			path = "Tab Items";
			sourceTree = "<group>";
		};
		83ECAF6026AA115B0069CF25 /* Locales */ = {
			isa = PBXGroup;
			children = (
				83ECAF6126AA115B0069CF25 /* Strings.swift */,
				83ECAF6226AA115B0069CF25 /* Localizable.strings */,
			);
			path = Locales;
			sourceTree = "<group>";
		};
		83EF2A8326B2927C00378602 /* Components */ = {
			isa = PBXGroup;
			children = (
				83EF2A8626B292C500378602 /* SignIn.swift */,
				83E8403F26B2ADF300905143 /* EmployeeList.swift */,
				8E2A614D26B91C9300D82BBE /* DetailView.swift */,
				83A023F826B40B42002D24CC /* TabItemRow.swift */,
				6F6C13A826B3EB40000BBD26 /* PhotoComponent.swift */,
				6F6C13AA26B3F377000BBD26 /* ImagePicker.swift */,
				8E35AC5826BA8B00007613E9 /* NoSeparatorList.swift */,
			);
			path = Components;
			sourceTree = "<group>";
		};
		BE97FB7DC49FBB4DCF8E6A7C /* Pods */ = {
			isa = PBXGroup;
			children = (
				89BFB039E39A5ABB2477EAEE /* Pods-monitool.debug.xcconfig */,
				ADB96F69B4F62B81EF090F6E /* Pods-monitool.release.xcconfig */,
			);
			path = Pods;
			sourceTree = "<group>";
		};
		C895C137BDFEFC537776B1C3 /* Frameworks */ = {
			isa = PBXGroup;
			children = (
				F335342D53E4540C34C3D459 /* Pods_monitool.framework */,
			);
			name = Frameworks;
			sourceTree = "<group>";
		};
/* End PBXGroup section */

/* Begin PBXNativeTarget section */
		830B1DEE26A8149E00D38AE9 /* monitool */ = {
			isa = PBXNativeTarget;
			buildConfigurationList = 830B1E0326A8149F00D38AE9 /* Build configuration list for PBXNativeTarget "monitool" */;
			buildPhases = (
				4E3D61E1EBB5E5A3B2800C5C /* [CP] Check Pods Manifest.lock */,
				830B1DEB26A8149E00D38AE9 /* Sources */,
				830B1DEC26A8149E00D38AE9 /* Frameworks */,
				830B1DED26A8149E00D38AE9 /* Resources */,
				57197A934BED691BB48AF9AB /* [CP] Embed Pods Frameworks */,
			);
			buildRules = (
			);
			dependencies = (
			);
			name = monitool;
			productName = monitool;
			productReference = 830B1DEF26A8149E00D38AE9 /* monitool.app */;
			productType = "com.apple.product-type.application";
		};
/* End PBXNativeTarget section */

/* Begin PBXProject section */
		830B1DE726A8149E00D38AE9 /* Project object */ = {
			isa = PBXProject;
			attributes = {
				LastSwiftUpdateCheck = 1250;
				LastUpgradeCheck = 1250;
				TargetAttributes = {
					830B1DEE26A8149E00D38AE9 = {
						CreatedOnToolsVersion = 12.5;
					};
				};
			};
			buildConfigurationList = 830B1DEA26A8149E00D38AE9 /* Build configuration list for PBXProject "monitool" */;
			compatibilityVersion = "Xcode 9.3";
			developmentRegion = en;
			hasScannedForEncodings = 0;
			knownRegions = (
				en,
				Base,
				id,
			);
			mainGroup = 830B1DE626A8149E00D38AE9;
			productRefGroup = 830B1DF026A8149E00D38AE9 /* Products */;
			projectDirPath = "";
			projectRoot = "";
			targets = (
				830B1DEE26A8149E00D38AE9 /* monitool */,
			);
		};
/* End PBXProject section */

/* Begin PBXResourcesBuildPhase section */
		830B1DED26A8149E00D38AE9 /* Resources */ = {
			isa = PBXResourcesBuildPhase;
			buildActionMask = 2147483647;
			files = (
				830B1DFA26A8149F00D38AE9 /* Preview Assets.xcassets in Resources */,
				B850700926B1461800530CBA /* GoogleService-Info.plist in Resources */,
				83ECAF6626AA115B0069CF25 /* Localizable.strings in Resources */,
				830B1DF726A8149F00D38AE9 /* Assets.xcassets in Resources */,
			);
			runOnlyForDeploymentPostprocessing = 0;
		};
/* End PBXResourcesBuildPhase section */

/* Begin PBXShellScriptBuildPhase section */
		4E3D61E1EBB5E5A3B2800C5C /* [CP] Check Pods Manifest.lock */ = {
			isa = PBXShellScriptBuildPhase;
			buildActionMask = 2147483647;
			files = (
			);
			inputFileListPaths = (
			);
			inputPaths = (
				"${PODS_PODFILE_DIR_PATH}/Podfile.lock",
				"${PODS_ROOT}/Manifest.lock",
			);
			name = "[CP] Check Pods Manifest.lock";
			outputFileListPaths = (
			);
			outputPaths = (
				"$(DERIVED_FILE_DIR)/Pods-monitool-checkManifestLockResult.txt",
			);
			runOnlyForDeploymentPostprocessing = 0;
			shellPath = /bin/sh;
			shellScript = "diff \"${PODS_PODFILE_DIR_PATH}/Podfile.lock\" \"${PODS_ROOT}/Manifest.lock\" > /dev/null\nif [ $? != 0 ] ; then\n    # print error to STDERR\n    echo \"error: The sandbox is not in sync with the Podfile.lock. Run 'pod install' or update your CocoaPods installation.\" >&2\n    exit 1\nfi\n# This output is used by Xcode 'outputs' to avoid re-running this script phase.\necho \"SUCCESS\" > \"${SCRIPT_OUTPUT_FILE_0}\"\n";
			showEnvVarsInLog = 0;
		};
		57197A934BED691BB48AF9AB /* [CP] Embed Pods Frameworks */ = {
			isa = PBXShellScriptBuildPhase;
			buildActionMask = 2147483647;
			files = (
			);
			inputFileListPaths = (
				"${PODS_ROOT}/Target Support Files/Pods-monitool/Pods-monitool-frameworks-${CONFIGURATION}-input-files.xcfilelist",
			);
			name = "[CP] Embed Pods Frameworks";
			outputFileListPaths = (
				"${PODS_ROOT}/Target Support Files/Pods-monitool/Pods-monitool-frameworks-${CONFIGURATION}-output-files.xcfilelist",
			);
			runOnlyForDeploymentPostprocessing = 0;
			shellPath = /bin/sh;
			shellScript = "\"${PODS_ROOT}/Target Support Files/Pods-monitool/Pods-monitool-frameworks.sh\"\n";
			showEnvVarsInLog = 0;
		};
/* End PBXShellScriptBuildPhase section */

/* Begin PBXSourcesBuildPhase section */
		830B1DEB26A8149E00D38AE9 /* Sources */ = {
			isa = PBXSourcesBuildPhase;
			buildActionMask = 2147483647;
			files = (
				833CCAA326B688CD00BA67CA /* SidebarViewModel.swift in Sources */,
				83A023E626B3F0DC002D24CC /* TaskListView.swift in Sources */,
				83A023EC26B402A0002D24CC /* MainView.swift in Sources */,
				6F0CC8E826B137CB00D15B96 /* TaskListViewModel.swift in Sources */,
				830B1DF526A8149E00D38AE9 /* OnboardingView.swift in Sources */,
				8E35AC5926BA8B00007613E9 /* NoSeparatorList.swift in Sources */,
				B823A78926B7DEBA0035D9F4 /* AddEmployeeSheetView.swift in Sources */,
				830B1DF526A8149E00D38AE9 /* OnboardingView.swift in Sources */,
				6F0CC8E626AFD86700D15B96 /* TaskRepository.swift in Sources */,
				833CCA9D26B67DCC00BA67CA /* Color.swift in Sources */,
				83A023F926B40B42002D24CC /* TabItemRow.swift in Sources */,
				6F6C13AB26B3F377000BBD26 /* ImagePicker.swift in Sources */,
				83E9492426AFC384003903FE /* Employee.swift in Sources */,
				834C9E1126B6D88F0013335F /* Icon.swift in Sources */,
				830B1DF326A8149E00D38AE9 /* MonitoolApp.swift in Sources */,
				8E47F5FF26B9754B00B96004 /* TaskDetailView.swift in Sources */,
				B8EFD9B426B8562E001E6086 /* CompanyViewModel.swift in Sources */,
				83A023EE26B40480002D24CC /* HistoryTabItem.swift in Sources */,
				83A023E826B3FF17002D24CC /* PadLayout.swift in Sources */,
				83ECAF6526AA115B0069CF25 /* Strings.swift in Sources */,
				8E7A53BD26B13EC4007FA3A8 /* CompanyRepository.swift in Sources */,
				83EF2A9326B29F1C00378602 /* TaskListTabItem.swift in Sources */,
				6F0CC8E426AFCF4700D15B96 /* Task.swift in Sources */,
				B850700B26B14B3000530CBA /* CompanyOnboarding.swift in Sources */,
				8E2A614E26B91C9300D82BBE /* DetailView.swift in Sources */,
				83A023F026B404EE002D24CC /* ProfileTabItem.swift in Sources */,
				833CCAA126B683C400BA67CA /* RoleService.swift in Sources */,
				83A023F726B40910002D24CC /* SidebarView.swift in Sources */,
				835F39DD26B5DCAF00EC3405 /* ProfileView.swift in Sources */,
				835E357E26B15FC300DE542C /* EmployeeRepository.swift in Sources */,
				830B1E1826A81A3900D38AE9 /* AuthService.swift in Sources */,
				83EF2A8926B298F900378602 /* RepositoriesPath.swift in Sources */,
				83A023EA26B3FF22002D24CC /* PhoneLayout.swift in Sources */,
				83EF2A8726B292C500378602 /* SignIn.swift in Sources */,
				833CCA9F26B6824300BA67CA /* HistoryView.swift in Sources */,
				83E9492826AFCA9D003903FE /* EmployeeHelper.swift in Sources */,
				83E8404026B2ADF300905143 /* EmployeeList.swift in Sources */,
				6F6C13A926B3EB40000BBD26 /* PhotoComponent.swift in Sources */,
				6F137C8A26B2B57F00F79608 /* EmployeeListViewModel.swift in Sources */,
				6F137C8C26B2B81B00F79608 /* EmployeeListView.swift in Sources */,
				8E28E38E26B4352400093850 /* LoginView.swift in Sources */,
				835F39D926B5DAE000EC3405 /* PadLayoutViewModel.swift in Sources */,
				8E7A53BF26B13F01007FA3A8 /* Company.swift in Sources */,
			);
			runOnlyForDeploymentPostprocessing = 0;
		};
/* End PBXSourcesBuildPhase section */

/* Begin PBXVariantGroup section */
		83ECAF6226AA115B0069CF25 /* Localizable.strings */ = {
			isa = PBXVariantGroup;
			children = (
				83ECAF6326AA115B0069CF25 /* en */,
				83ECAF6426AA115B0069CF25 /* id */,
			);
			name = Localizable.strings;
			sourceTree = "<group>";
		};
/* End PBXVariantGroup section */

/* Begin XCBuildConfiguration section */
		830B1E0126A8149F00D38AE9 /* Debug */ = {
			isa = XCBuildConfiguration;
			buildSettings = {
				ALWAYS_SEARCH_USER_PATHS = NO;
				CLANG_ANALYZER_NONNULL = YES;
				CLANG_ANALYZER_NUMBER_OBJECT_CONVERSION = YES_AGGRESSIVE;
				CLANG_CXX_LANGUAGE_STANDARD = "gnu++14";
				CLANG_CXX_LIBRARY = "libc++";
				CLANG_ENABLE_MODULES = YES;
				CLANG_ENABLE_OBJC_ARC = YES;
				CLANG_ENABLE_OBJC_WEAK = YES;
				CLANG_WARN_BLOCK_CAPTURE_AUTORELEASING = YES;
				CLANG_WARN_BOOL_CONVERSION = YES;
				CLANG_WARN_COMMA = YES;
				CLANG_WARN_CONSTANT_CONVERSION = YES;
				CLANG_WARN_DEPRECATED_OBJC_IMPLEMENTATIONS = YES;
				CLANG_WARN_DIRECT_OBJC_ISA_USAGE = YES_ERROR;
				CLANG_WARN_DOCUMENTATION_COMMENTS = YES;
				CLANG_WARN_EMPTY_BODY = YES;
				CLANG_WARN_ENUM_CONVERSION = YES;
				CLANG_WARN_INFINITE_RECURSION = YES;
				CLANG_WARN_INT_CONVERSION = YES;
				CLANG_WARN_NON_LITERAL_NULL_CONVERSION = YES;
				CLANG_WARN_OBJC_IMPLICIT_RETAIN_SELF = YES;
				CLANG_WARN_OBJC_LITERAL_CONVERSION = YES;
				CLANG_WARN_OBJC_ROOT_CLASS = YES_ERROR;
				CLANG_WARN_QUOTED_INCLUDE_IN_FRAMEWORK_HEADER = YES;
				CLANG_WARN_RANGE_LOOP_ANALYSIS = YES;
				CLANG_WARN_STRICT_PROTOTYPES = YES;
				CLANG_WARN_SUSPICIOUS_MOVE = YES;
				CLANG_WARN_UNGUARDED_AVAILABILITY = YES_AGGRESSIVE;
				CLANG_WARN_UNREACHABLE_CODE = YES;
				CLANG_WARN__DUPLICATE_METHOD_MATCH = YES;
				COPY_PHASE_STRIP = NO;
				DEBUG_INFORMATION_FORMAT = dwarf;
				ENABLE_STRICT_OBJC_MSGSEND = YES;
				ENABLE_TESTABILITY = YES;
				GCC_C_LANGUAGE_STANDARD = gnu11;
				GCC_DYNAMIC_NO_PIC = NO;
				GCC_NO_COMMON_BLOCKS = YES;
				GCC_OPTIMIZATION_LEVEL = 0;
				GCC_PREPROCESSOR_DEFINITIONS = (
					"DEBUG=1",
					"$(inherited)",
				);
				GCC_WARN_64_TO_32_BIT_CONVERSION = YES;
				GCC_WARN_ABOUT_RETURN_TYPE = YES_ERROR;
				GCC_WARN_UNDECLARED_SELECTOR = YES;
				GCC_WARN_UNINITIALIZED_AUTOS = YES_AGGRESSIVE;
				GCC_WARN_UNUSED_FUNCTION = YES;
				GCC_WARN_UNUSED_VARIABLE = YES;
				IPHONEOS_DEPLOYMENT_TARGET = 14.5;
				MTL_ENABLE_DEBUG_INFO = INCLUDE_SOURCE;
				MTL_FAST_MATH = YES;
				ONLY_ACTIVE_ARCH = YES;
				SDKROOT = iphoneos;
				SWIFT_ACTIVE_COMPILATION_CONDITIONS = DEBUG;
				SWIFT_OPTIMIZATION_LEVEL = "-Onone";
			};
			name = Debug;
		};
		830B1E0226A8149F00D38AE9 /* Release */ = {
			isa = XCBuildConfiguration;
			buildSettings = {
				ALWAYS_SEARCH_USER_PATHS = NO;
				CLANG_ANALYZER_NONNULL = YES;
				CLANG_ANALYZER_NUMBER_OBJECT_CONVERSION = YES_AGGRESSIVE;
				CLANG_CXX_LANGUAGE_STANDARD = "gnu++14";
				CLANG_CXX_LIBRARY = "libc++";
				CLANG_ENABLE_MODULES = YES;
				CLANG_ENABLE_OBJC_ARC = YES;
				CLANG_ENABLE_OBJC_WEAK = YES;
				CLANG_WARN_BLOCK_CAPTURE_AUTORELEASING = YES;
				CLANG_WARN_BOOL_CONVERSION = YES;
				CLANG_WARN_COMMA = YES;
				CLANG_WARN_CONSTANT_CONVERSION = YES;
				CLANG_WARN_DEPRECATED_OBJC_IMPLEMENTATIONS = YES;
				CLANG_WARN_DIRECT_OBJC_ISA_USAGE = YES_ERROR;
				CLANG_WARN_DOCUMENTATION_COMMENTS = YES;
				CLANG_WARN_EMPTY_BODY = YES;
				CLANG_WARN_ENUM_CONVERSION = YES;
				CLANG_WARN_INFINITE_RECURSION = YES;
				CLANG_WARN_INT_CONVERSION = YES;
				CLANG_WARN_NON_LITERAL_NULL_CONVERSION = YES;
				CLANG_WARN_OBJC_IMPLICIT_RETAIN_SELF = YES;
				CLANG_WARN_OBJC_LITERAL_CONVERSION = YES;
				CLANG_WARN_OBJC_ROOT_CLASS = YES_ERROR;
				CLANG_WARN_QUOTED_INCLUDE_IN_FRAMEWORK_HEADER = YES;
				CLANG_WARN_RANGE_LOOP_ANALYSIS = YES;
				CLANG_WARN_STRICT_PROTOTYPES = YES;
				CLANG_WARN_SUSPICIOUS_MOVE = YES;
				CLANG_WARN_UNGUARDED_AVAILABILITY = YES_AGGRESSIVE;
				CLANG_WARN_UNREACHABLE_CODE = YES;
				CLANG_WARN__DUPLICATE_METHOD_MATCH = YES;
				COPY_PHASE_STRIP = NO;
				DEBUG_INFORMATION_FORMAT = "dwarf-with-dsym";
				ENABLE_NS_ASSERTIONS = NO;
				ENABLE_STRICT_OBJC_MSGSEND = YES;
				GCC_C_LANGUAGE_STANDARD = gnu11;
				GCC_NO_COMMON_BLOCKS = YES;
				GCC_WARN_64_TO_32_BIT_CONVERSION = YES;
				GCC_WARN_ABOUT_RETURN_TYPE = YES_ERROR;
				GCC_WARN_UNDECLARED_SELECTOR = YES;
				GCC_WARN_UNINITIALIZED_AUTOS = YES_AGGRESSIVE;
				GCC_WARN_UNUSED_FUNCTION = YES;
				GCC_WARN_UNUSED_VARIABLE = YES;
				IPHONEOS_DEPLOYMENT_TARGET = 14.5;
				MTL_ENABLE_DEBUG_INFO = NO;
				MTL_FAST_MATH = YES;
				SDKROOT = iphoneos;
				SWIFT_COMPILATION_MODE = wholemodule;
				SWIFT_OPTIMIZATION_LEVEL = "-O";
				VALIDATE_PRODUCT = YES;
			};
			name = Release;
		};
		830B1E0426A8149F00D38AE9 /* Debug */ = {
			isa = XCBuildConfiguration;
			baseConfigurationReference = 89BFB039E39A5ABB2477EAEE /* Pods-monitool.debug.xcconfig */;
			buildSettings = {
				ASSETCATALOG_COMPILER_APPICON_NAME = AppIcon;
				ASSETCATALOG_COMPILER_GLOBAL_ACCENT_COLOR_NAME = AccentColor;
				CODE_SIGN_ENTITLEMENTS = monitool/Configs/monitool.entitlements;
				CODE_SIGN_IDENTITY = "Apple Development";
				CODE_SIGN_STYLE = Automatic;
				DEVELOPMENT_ASSET_PATHS = "\"monitool/Resources/\"";
				DEVELOPMENT_TEAM = 8KKWD6QU49;
				ENABLE_PREVIEWS = YES;
				INFOPLIST_FILE = monitool/Configs/Info.plist;
				IPHONEOS_DEPLOYMENT_TARGET = 14.0;
				LD_RUNPATH_SEARCH_PATHS = (
					"$(inherited)",
					"@executable_path/Frameworks",
				);
				PRODUCT_BUNDLE_IDENTIFIER = com.budisaputra.monitool;
				PRODUCT_NAME = "$(TARGET_NAME)";
				PROVISIONING_PROFILE_SPECIFIER = "";
				SWIFT_VERSION = 5.0;
				TARGETED_DEVICE_FAMILY = "1,2";
			};
			name = Debug;
		};
		830B1E0526A8149F00D38AE9 /* Release */ = {
			isa = XCBuildConfiguration;
			baseConfigurationReference = ADB96F69B4F62B81EF090F6E /* Pods-monitool.release.xcconfig */;
			buildSettings = {
				ASSETCATALOG_COMPILER_APPICON_NAME = AppIcon;
				ASSETCATALOG_COMPILER_GLOBAL_ACCENT_COLOR_NAME = AccentColor;
				CODE_SIGN_ENTITLEMENTS = monitool/Configs/monitool.entitlements;
				CODE_SIGN_IDENTITY = "Apple Development";
				CODE_SIGN_STYLE = Automatic;
				DEVELOPMENT_ASSET_PATHS = "\"monitool/Resources/\"";
				DEVELOPMENT_TEAM = 8KKWD6QU49;
				ENABLE_PREVIEWS = YES;
				INFOPLIST_FILE = monitool/Configs/Info.plist;
				IPHONEOS_DEPLOYMENT_TARGET = 14.0;
				LD_RUNPATH_SEARCH_PATHS = (
					"$(inherited)",
					"@executable_path/Frameworks",
				);
				PRODUCT_BUNDLE_IDENTIFIER = com.budisaputra.monitool;
				PRODUCT_NAME = "$(TARGET_NAME)";
				PROVISIONING_PROFILE_SPECIFIER = "";
				SWIFT_VERSION = 5.0;
				TARGETED_DEVICE_FAMILY = "1,2";
			};
			name = Release;
		};
/* End XCBuildConfiguration section */

/* Begin XCConfigurationList section */
		830B1DEA26A8149E00D38AE9 /* Build configuration list for PBXProject "monitool" */ = {
			isa = XCConfigurationList;
			buildConfigurations = (
				830B1E0126A8149F00D38AE9 /* Debug */,
				830B1E0226A8149F00D38AE9 /* Release */,
			);
			defaultConfigurationIsVisible = 0;
			defaultConfigurationName = Release;
		};
		830B1E0326A8149F00D38AE9 /* Build configuration list for PBXNativeTarget "monitool" */ = {
			isa = XCConfigurationList;
			buildConfigurations = (
				830B1E0426A8149F00D38AE9 /* Debug */,
				830B1E0526A8149F00D38AE9 /* Release */,
			);
			defaultConfigurationIsVisible = 0;
			defaultConfigurationName = Release;
		};
/* End XCConfigurationList section */
	};
	rootObject = 830B1DE726A8149E00D38AE9 /* Project object */;
}
